// !$*UTF8*$!
{
	archiveVersion = 1;
	classes = {
	};
	objectVersion = 46;
	objects = {

/* Begin PBXBuildFile section */
		14FF75E3016B4CFC835C2DCD /* libPods-iCaxirolaTests.a in Frameworks */ = {isa = PBXBuildFile; fileRef = 4298634E201F4A40BDF654BF /* libPods-iCaxirolaTests.a */; };
		271DE35818B64BF200226209 /* UIView+iCaxirola.m in Sources */ = {isa = PBXBuildFile; fileRef = 271DE35718B64BF200226209 /* UIView+iCaxirola.m */; };
		27500AAA18AB87E600703749 /* Foundation.framework in Frameworks */ = {isa = PBXBuildFile; fileRef = 27500AA918AB87E600703749 /* Foundation.framework */; };
		27500AAC18AB87E600703749 /* CoreGraphics.framework in Frameworks */ = {isa = PBXBuildFile; fileRef = 27500AAB18AB87E600703749 /* CoreGraphics.framework */; };
		27500AAE18AB87E600703749 /* UIKit.framework in Frameworks */ = {isa = PBXBuildFile; fileRef = 27500AAD18AB87E600703749 /* UIKit.framework */; };
		27500AB418AB87E600703749 /* InfoPlist.strings in Resources */ = {isa = PBXBuildFile; fileRef = 27500AB218AB87E600703749 /* InfoPlist.strings */; };
		27500AB618AB87E600703749 /* main.m in Sources */ = {isa = PBXBuildFile; fileRef = 27500AB518AB87E600703749 /* main.m */; };
		27500ABA18AB87E600703749 /* AppDelegate.m in Sources */ = {isa = PBXBuildFile; fileRef = 27500AB918AB87E600703749 /* AppDelegate.m */; };
		27500AC018AB87E600703749 /* ViewController.m in Sources */ = {isa = PBXBuildFile; fileRef = 27500ABF18AB87E600703749 /* ViewController.m */; };
		27500AC218AB87E600703749 /* Images.xcassets in Resources */ = {isa = PBXBuildFile; fileRef = 27500AC118AB87E600703749 /* Images.xcassets */; };
		27500AC918AB87E700703749 /* XCTest.framework in Frameworks */ = {isa = PBXBuildFile; fileRef = 27500AC818AB87E700703749 /* XCTest.framework */; };
		27500ACA18AB87E700703749 /* Foundation.framework in Frameworks */ = {isa = PBXBuildFile; fileRef = 27500AA918AB87E600703749 /* Foundation.framework */; };
		27500ACB18AB87E700703749 /* UIKit.framework in Frameworks */ = {isa = PBXBuildFile; fileRef = 27500AAD18AB87E600703749 /* UIKit.framework */; };
		27500AD318AB87E700703749 /* InfoPlist.strings in Resources */ = {isa = PBXBuildFile; fileRef = 27500AD118AB87E700703749 /* InfoPlist.strings */; };
		27500ADF18AB890F00703749 /* AudioToolbox.framework in Frameworks */ = {isa = PBXBuildFile; fileRef = 27500ADE18AB890F00703749 /* AudioToolbox.framework */; };
		27500AE118AB891500703749 /* AVFoundation.framework in Frameworks */ = {isa = PBXBuildFile; fileRef = 27500AE018AB891500703749 /* AVFoundation.framework */; };
		27500AE318AB897600703749 /* ViewController.xib in Resources */ = {isa = PBXBuildFile; fileRef = 27500AE218AB897600703749 /* ViewController.xib */; };
		27500B1418ABA58300703749 /* README.txt in Resources */ = {isa = PBXBuildFile; fileRef = 27500B1218ABA58300703749 /* README.txt */; };
		27500B1718ABA5D300703749 /* AdSupport.framework in Frameworks */ = {isa = PBXBuildFile; fileRef = 27500B1618ABA5D300703749 /* AdSupport.framework */; };
		27500B1918ABA5E400703749 /* CoreTelephony.framework in Frameworks */ = {isa = PBXBuildFile; fileRef = 27500B1818ABA5E400703749 /* CoreTelephony.framework */; };
		27500B1B18ABA5EE00703749 /* MessageUI.framework in Frameworks */ = {isa = PBXBuildFile; fileRef = 27500B1A18ABA5EE00703749 /* MessageUI.framework */; };
		27500B1D18ABA5F900703749 /* StoreKit.framework in Frameworks */ = {isa = PBXBuildFile; fileRef = 27500B1C18ABA5F900703749 /* StoreKit.framework */; };
		27500B1F18ABA60400703749 /* SystemConfiguration.framework in Frameworks */ = {isa = PBXBuildFile; fileRef = 27500B1E18ABA60400703749 /* SystemConfiguration.framework */; };
		27500B5F18B2538E00703749 /* 1_bra.png in Resources */ = {isa = PBXBuildFile; fileRef = 27500B3718B2538E00703749 /* 1_bra.png */; };
		27500B6018B2538E00703749 /* 1_bra2.png in Resources */ = {isa = PBXBuildFile; fileRef = 27500B3818B2538E00703749 /* 1_bra2.png */; };
		27500B6118B2538E00703749 /* 1_cmr.png in Resources */ = {isa = PBXBuildFile; fileRef = 27500B3918B2538E00703749 /* 1_cmr.png */; };
		27500B6218B2538E00703749 /* 1_cro.png in Resources */ = {isa = PBXBuildFile; fileRef = 27500B3A18B2538E00703749 /* 1_cro.png */; };
		27500B6318B2538E00703749 /* 1_mex.png in Resources */ = {isa = PBXBuildFile; fileRef = 27500B3B18B2538E00703749 /* 1_mex.png */; };
		27500B6418B2538E00703749 /* 2_aus.png in Resources */ = {isa = PBXBuildFile; fileRef = 27500B3C18B2538E00703749 /* 2_aus.png */; };
		27500B6518B2538E00703749 /* 2_chi.png in Resources */ = {isa = PBXBuildFile; fileRef = 27500B3D18B2538E00703749 /* 2_chi.png */; };
		27500B6618B2538E00703749 /* 2_esp.png in Resources */ = {isa = PBXBuildFile; fileRef = 27500B3E18B2538E00703749 /* 2_esp.png */; };
		27500B6718B2538E00703749 /* 2_ned.png in Resources */ = {isa = PBXBuildFile; fileRef = 27500B3F18B2538E00703749 /* 2_ned.png */; };
		27500B6818B2538E00703749 /* 3_civ.png in Resources */ = {isa = PBXBuildFile; fileRef = 27500B4018B2538E00703749 /* 3_civ.png */; };
		27500B6918B2538E00703749 /* 3_col.png in Resources */ = {isa = PBXBuildFile; fileRef = 27500B4118B2538E00703749 /* 3_col.png */; };
		27500B6A18B2538E00703749 /* 3_gre.png in Resources */ = {isa = PBXBuildFile; fileRef = 27500B4218B2538E00703749 /* 3_gre.png */; };
		27500B6B18B2538E00703749 /* 3_jpn.png in Resources */ = {isa = PBXBuildFile; fileRef = 27500B4318B2538E00703749 /* 3_jpn.png */; };
		27500B6C18B2538E00703749 /* 3_jpn2.png in Resources */ = {isa = PBXBuildFile; fileRef = 27500B4418B2538E00703749 /* 3_jpn2.png */; };
		27500B6D18B2538E00703749 /* 4_crc.png in Resources */ = {isa = PBXBuildFile; fileRef = 27500B4518B2538E00703749 /* 4_crc.png */; };
		27500B6E18B2538E00703749 /* 4_eng.png in Resources */ = {isa = PBXBuildFile; fileRef = 27500B4618B2538E00703749 /* 4_eng.png */; };
		27500B6F18B2538E00703749 /* 4_ita.png in Resources */ = {isa = PBXBuildFile; fileRef = 27500B4718B2538E00703749 /* 4_ita.png */; };
		27500B7018B2538E00703749 /* 4_ita2.png in Resources */ = {isa = PBXBuildFile; fileRef = 27500B4818B2538E00703749 /* 4_ita2.png */; };
		27500B7118B2538E00703749 /* 4_uru.png in Resources */ = {isa = PBXBuildFile; fileRef = 27500B4918B2538E00703749 /* 4_uru.png */; };
		27500B7218B2538E00703749 /* 5_ecu.png in Resources */ = {isa = PBXBuildFile; fileRef = 27500B4A18B2538E00703749 /* 5_ecu.png */; };
		27500B7318B2538E00703749 /* 5_fra.png in Resources */ = {isa = PBXBuildFile; fileRef = 27500B4B18B2538E00703749 /* 5_fra.png */; };
		27500B7418B2538E00703749 /* 5_fra2.png in Resources */ = {isa = PBXBuildFile; fileRef = 27500B4C18B2538E00703749 /* 5_fra2.png */; };
		27500B7518B2538E00703749 /* 5_hon.png in Resources */ = {isa = PBXBuildFile; fileRef = 27500B4D18B2538E00703749 /* 5_hon.png */; };
		27500B7618B2538E00703749 /* 5_hon2.png in Resources */ = {isa = PBXBuildFile; fileRef = 27500B4E18B2538E00703749 /* 5_hon2.png */; };
		27500B7718B2538E00703749 /* 5_sui.png in Resources */ = {isa = PBXBuildFile; fileRef = 27500B4F18B2538E00703749 /* 5_sui.png */; };
		27500B7818B2538E00703749 /* 6_arg.png in Resources */ = {isa = PBXBuildFile; fileRef = 27500B5018B2538E00703749 /* 6_arg.png */; };
		27500B7918B2538E00703749 /* 6_bih.png in Resources */ = {isa = PBXBuildFile; fileRef = 27500B5118B2538E00703749 /* 6_bih.png */; };
		27500B7A18B2538E00703749 /* 6_irn.png in Resources */ = {isa = PBXBuildFile; fileRef = 27500B5218B2538E00703749 /* 6_irn.png */; };
		27500B7B18B2538E00703749 /* 6_nga.png in Resources */ = {isa = PBXBuildFile; fileRef = 27500B5318B2538E00703749 /* 6_nga.png */; };
		27500B7C18B2538E00703749 /* 7_ger.png in Resources */ = {isa = PBXBuildFile; fileRef = 27500B5418B2538E00703749 /* 7_ger.png */; };
		27500B7D18B2538E00703749 /* 7_ger2.png in Resources */ = {isa = PBXBuildFile; fileRef = 27500B5518B2538E00703749 /* 7_ger2.png */; };
		27500B7E18B2538E00703749 /* 7_gha.png in Resources */ = {isa = PBXBuildFile; fileRef = 27500B5618B2538E00703749 /* 7_gha.png */; };
		27500B7F18B2538E00703749 /* 7_gha2.png in Resources */ = {isa = PBXBuildFile; fileRef = 27500B5718B2538E00703749 /* 7_gha2.png */; };
		27500B8018B2538E00703749 /* 7_por.png in Resources */ = {isa = PBXBuildFile; fileRef = 27500B5818B2538E00703749 /* 7_por.png */; };
		27500B8118B2538E00703749 /* 7_usa.png in Resources */ = {isa = PBXBuildFile; fileRef = 27500B5918B2538E00703749 /* 7_usa.png */; };
		27500B8218B2538E00703749 /* 7_usa2.png in Resources */ = {isa = PBXBuildFile; fileRef = 27500B5A18B2538E00703749 /* 7_usa2.png */; };
		27500B8318B2538E00703749 /* 8_alg.png in Resources */ = {isa = PBXBuildFile; fileRef = 27500B5B18B2538E00703749 /* 8_alg.png */; };
		27500B8418B2538E00703749 /* 8_bel.png in Resources */ = {isa = PBXBuildFile; fileRef = 27500B5C18B2538E00703749 /* 8_bel.png */; };
		27500B8518B2538E00703749 /* 8_kor.png in Resources */ = {isa = PBXBuildFile; fileRef = 27500B5D18B2538E00703749 /* 8_kor.png */; };
		27500B8618B2538E00703749 /* 8_rus.png in Resources */ = {isa = PBXBuildFile; fileRef = 27500B5E18B2538E00703749 /* 8_rus.png */; };
		2759BA5F18DC0C5300E5D032 /* KIFiCaxirolaTests.m in Sources */ = {isa = PBXBuildFile; fileRef = 2759BA5E18DC0C5300E5D032 /* KIFiCaxirolaTests.m */; };
		27616F3918E30A7A009CB95C /* libGoogleAnalyticsServices.a in Frameworks */ = {isa = PBXBuildFile; fileRef = 27616F3818E30A7A009CB95C /* libGoogleAnalyticsServices.a */; };
		2763DD0A18D33F3300F60358 /* bird.png in Resources */ = {isa = PBXBuildFile; fileRef = 2763DD0918D33F3300F60358 /* bird.png */; };
		276BD50B18CB84380035A90F /* Icon-60@2x.png in Resources */ = {isa = PBXBuildFile; fileRef = 276BD50818CB84380035A90F /* Icon-60@2x.png */; };
		276BD50C18CB84380035A90F /* Icon-Small.png in Resources */ = {isa = PBXBuildFile; fileRef = 276BD50918CB84380035A90F /* Icon-Small.png */; };
		276BD50D18CB84380035A90F /* Icon-Small@2x.png in Resources */ = {isa = PBXBuildFile; fileRef = 276BD50A18CB84380035A90F /* Icon-Small@2x.png */; };
		276BD50F18CB84CA0035A90F /* Icon-60.png in Resources */ = {isa = PBXBuildFile; fileRef = 276BD50E18CB84CA0035A90F /* Icon-60.png */; };
		278D344018B3BE3800EAE4E5 /* Params.m in Sources */ = {isa = PBXBuildFile; fileRef = 278D343F18B3BE3800EAE4E5 /* Params.m */; };
		27D40C7018D6B8B5009C5C9D /* stars2.png in Resources */ = {isa = PBXBuildFile; fileRef = 27D40C6F18D6B8B5009C5C9D /* stars2.png */; };
		27D40C7118D92171009C5C9D /* CoreGraphics.framework in Frameworks */ = {isa = PBXBuildFile; fileRef = 27500AAB18AB87E600703749 /* CoreGraphics.framework */; };
		27E78C8D18B8A7D500FD3984 /* selected.png in Resources */ = {isa = PBXBuildFile; fileRef = 27E78C8C18B8A7D500FD3984 /* selected.png */; };
		27F7126518BC928700A4394C /* maracas0.wav in Resources */ = {isa = PBXBuildFile; fileRef = 27F7126318BC928700A4394C /* maracas0.wav */; };
		27F7126618BC928700A4394C /* maracas1.wav in Resources */ = {isa = PBXBuildFile; fileRef = 27F7126418BC928700A4394C /* maracas1.wav */; };
		27F7126A18BC936700A4394C /* 1_brazil.png in Resources */ = {isa = PBXBuildFile; fileRef = 27F7126918BC936700A4394C /* 1_brazil.png */; };
		27F7127218BDA5F200A4394C /* AwesomeMenu.m in Sources */ = {isa = PBXBuildFile; fileRef = 27F7126F18BDA5F200A4394C /* AwesomeMenu.m */; };
		27F7127318BDA5F200A4394C /* AwesomeMenuItem.m in Sources */ = {isa = PBXBuildFile; fileRef = 27F7127118BDA5F200A4394C /* AwesomeMenuItem.m */; };
		27F7128318BDA6B500A4394C /* bg-addbutton-highlighted.png in Resources */ = {isa = PBXBuildFile; fileRef = 27F7127518BDA6B500A4394C /* bg-addbutton-highlighted.png */; };
		27F7128418BDA6B500A4394C /* bg-addbutton-highlighted@2x.png in Resources */ = {isa = PBXBuildFile; fileRef = 27F7127618BDA6B500A4394C /* bg-addbutton-highlighted@2x.png */; };
		27F7128518BDA6B500A4394C /* bg-addbutton.png in Resources */ = {isa = PBXBuildFile; fileRef = 27F7127718BDA6B500A4394C /* bg-addbutton.png */; };
		27F7128618BDA6B500A4394C /* bg-addbutton@2x.png in Resources */ = {isa = PBXBuildFile; fileRef = 27F7127818BDA6B500A4394C /* bg-addbutton@2x.png */; };
		27F7128718BDA6B500A4394C /* bg-menuitem-highlighted.png in Resources */ = {isa = PBXBuildFile; fileRef = 27F7127918BDA6B500A4394C /* bg-menuitem-highlighted.png */; };
		27F7128818BDA6B500A4394C /* bg-menuitem-highlighted@2x.png in Resources */ = {isa = PBXBuildFile; fileRef = 27F7127A18BDA6B500A4394C /* bg-menuitem-highlighted@2x.png */; };
		27F7128918BDA6B500A4394C /* bg-menuitem.png in Resources */ = {isa = PBXBuildFile; fileRef = 27F7127B18BDA6B500A4394C /* bg-menuitem.png */; };
		27F7128A18BDA6B500A4394C /* bg-menuitem@2x.png in Resources */ = {isa = PBXBuildFile; fileRef = 27F7127C18BDA6B500A4394C /* bg-menuitem@2x.png */; };
		27F7128B18BDA6B500A4394C /* icon-plus-highlighted.png in Resources */ = {isa = PBXBuildFile; fileRef = 27F7127D18BDA6B500A4394C /* icon-plus-highlighted.png */; };
		27F7128C18BDA6B500A4394C /* icon-plus-highlighted@2x.png in Resources */ = {isa = PBXBuildFile; fileRef = 27F7127E18BDA6B500A4394C /* icon-plus-highlighted@2x.png */; };
		27F7128D18BDA6B500A4394C /* icon-plus.png in Resources */ = {isa = PBXBuildFile; fileRef = 27F7127F18BDA6B500A4394C /* icon-plus.png */; };
		27F7128E18BDA6B500A4394C /* icon-plus@2x.png in Resources */ = {isa = PBXBuildFile; fileRef = 27F7128018BDA6B500A4394C /* icon-plus@2x.png */; };
		27F7128F18BDA6B500A4394C /* icon-star.png in Resources */ = {isa = PBXBuildFile; fileRef = 27F7128118BDA6B500A4394C /* icon-star.png */; };
		27F7129018BDA6B500A4394C /* icon-star@2x.png in Resources */ = {isa = PBXBuildFile; fileRef = 27F7128218BDA6B500A4394C /* icon-star@2x.png */; };
		27F7129218BDA78400A4394C /* QuartzCore.framework in Frameworks */ = {isa = PBXBuildFile; fileRef = 27F7129118BDA78400A4394C /* QuartzCore.framework */; };
		27F7129418BE0DB400A4394C /* Social.framework in Frameworks */ = {isa = PBXBuildFile; fileRef = 27F7129318BE0DB400A4394C /* Social.framework */; };
		27F7129618BE30F200A4394C /* WebView.xib in Resources */ = {isa = PBXBuildFile; fileRef = 27F7129518BE30F200A4394C /* WebView.xib */; };
		27F7129818BEF7B500A4394C /* 1_cameroon.png in Resources */ = {isa = PBXBuildFile; fileRef = 27F7129718BEF7B500A4394C /* 1_cameroon.png */; };
/* End PBXBuildFile section */

/* Begin PBXContainerItemProxy section */
		27500ACC18AB87E700703749 /* PBXContainerItemProxy */ = {
			isa = PBXContainerItemProxy;
			containerPortal = 27500A9E18AB87E600703749 /* Project object */;
			proxyType = 1;
			remoteGlobalIDString = 27500AA518AB87E600703749;
			remoteInfo = iCaxirola;
		};
		27616FB418E30AC3009CB95C /* PBXContainerItemProxy */ = {
			isa = PBXContainerItemProxy;
			containerPortal = 27616F4718E30AC2009CB95C /* CuteAnimals.xcodeproj */;
			proxyType = 2;
			remoteGlobalIDString = 113B6EE3153E1F0B003CAC38;
			remoteInfo = CuteAnimals;
		};
		27616FB718E30AC3009CB95C /* PBXContainerItemProxy */ = {
			isa = PBXContainerItemProxy;
			containerPortal = 27616F7F18E30AC2009CB95C /* CuteAnimals.xcodeproj */;
			proxyType = 2;
			remoteGlobalIDString = 113B6EE3153E1F0B003CAC38;
			remoteInfo = CuteAnimals;
		};
/* End PBXContainerItemProxy section */

/* Begin PBXFileReference section */
		271DE35618B64BF200226209 /* UIView+iCaxirola.h */ = {isa = PBXFileReference; fileEncoding = 4; lastKnownFileType = sourcecode.c.h; path = "UIView+iCaxirola.h"; sourceTree = "<group>"; };
		271DE35718B64BF200226209 /* UIView+iCaxirola.m */ = {isa = PBXFileReference; fileEncoding = 4; lastKnownFileType = sourcecode.c.objc; path = "UIView+iCaxirola.m"; sourceTree = "<group>"; };
		27500AA618AB87E600703749 /* iCaxirola.app */ = {isa = PBXFileReference; explicitFileType = wrapper.application; includeInIndex = 0; path = iCaxirola.app; sourceTree = BUILT_PRODUCTS_DIR; };
		27500AA918AB87E600703749 /* Foundation.framework */ = {isa = PBXFileReference; lastKnownFileType = wrapper.framework; name = Foundation.framework; path = System/Library/Frameworks/Foundation.framework; sourceTree = SDKROOT; };
		27500AAB18AB87E600703749 /* CoreGraphics.framework */ = {isa = PBXFileReference; lastKnownFileType = wrapper.framework; name = CoreGraphics.framework; path = System/Library/Frameworks/CoreGraphics.framework; sourceTree = SDKROOT; };
		27500AAD18AB87E600703749 /* UIKit.framework */ = {isa = PBXFileReference; lastKnownFileType = wrapper.framework; name = UIKit.framework; path = System/Library/Frameworks/UIKit.framework; sourceTree = SDKROOT; };
		27500AB118AB87E600703749 /* iCaxirola-Info.plist */ = {isa = PBXFileReference; lastKnownFileType = text.plist.xml; path = "iCaxirola-Info.plist"; sourceTree = "<group>"; };
		27500AB318AB87E600703749 /* en */ = {isa = PBXFileReference; lastKnownFileType = text.plist.strings; name = en; path = en.lproj/InfoPlist.strings; sourceTree = "<group>"; };
		27500AB518AB87E600703749 /* main.m */ = {isa = PBXFileReference; lastKnownFileType = sourcecode.c.objc; path = main.m; sourceTree = "<group>"; };
		27500AB718AB87E600703749 /* iCaxirola-Prefix.pch */ = {isa = PBXFileReference; lastKnownFileType = sourcecode.c.h; path = "iCaxirola-Prefix.pch"; sourceTree = "<group>"; };
		27500AB818AB87E600703749 /* AppDelegate.h */ = {isa = PBXFileReference; lastKnownFileType = sourcecode.c.h; path = AppDelegate.h; sourceTree = "<group>"; };
		27500AB918AB87E600703749 /* AppDelegate.m */ = {isa = PBXFileReference; lastKnownFileType = sourcecode.c.objc; path = AppDelegate.m; sourceTree = "<group>"; };
		27500ABE18AB87E600703749 /* ViewController.h */ = {isa = PBXFileReference; lastKnownFileType = sourcecode.c.h; path = ViewController.h; sourceTree = "<group>"; };
		27500ABF18AB87E600703749 /* ViewController.m */ = {isa = PBXFileReference; lastKnownFileType = sourcecode.c.objc; path = ViewController.m; sourceTree = "<group>"; };
		27500AC118AB87E600703749 /* Images.xcassets */ = {isa = PBXFileReference; lastKnownFileType = folder.assetcatalog; path = Images.xcassets; sourceTree = "<group>"; };
		27500AC718AB87E700703749 /* iCaxirolaTests.octest */ = {isa = PBXFileReference; explicitFileType = wrapper.cfbundle; includeInIndex = 0; path = iCaxirolaTests.octest; sourceTree = BUILT_PRODUCTS_DIR; };
		27500AC818AB87E700703749 /* XCTest.framework */ = {isa = PBXFileReference; lastKnownFileType = wrapper.framework; name = XCTest.framework; path = Library/Frameworks/XCTest.framework; sourceTree = DEVELOPER_DIR; };
		27500AD018AB87E700703749 /* iCaxirolaTests-Info.plist */ = {isa = PBXFileReference; lastKnownFileType = text.plist.xml; path = "iCaxirolaTests-Info.plist"; sourceTree = "<group>"; };
		27500AD218AB87E700703749 /* en */ = {isa = PBXFileReference; lastKnownFileType = text.plist.strings; name = en; path = en.lproj/InfoPlist.strings; sourceTree = "<group>"; };
		27500ADE18AB890F00703749 /* AudioToolbox.framework */ = {isa = PBXFileReference; lastKnownFileType = wrapper.framework; name = AudioToolbox.framework; path = System/Library/Frameworks/AudioToolbox.framework; sourceTree = SDKROOT; };
		27500AE018AB891500703749 /* AVFoundation.framework */ = {isa = PBXFileReference; lastKnownFileType = wrapper.framework; name = AVFoundation.framework; path = System/Library/Frameworks/AVFoundation.framework; sourceTree = SDKROOT; };
		27500AE218AB897600703749 /* ViewController.xib */ = {isa = PBXFileReference; fileEncoding = 4; lastKnownFileType = file.xib; path = ViewController.xib; sourceTree = "<group>"; };
		27500B0818ABA58300703749 /* GADAdMobExtras.h */ = {isa = PBXFileReference; fileEncoding = 4; lastKnownFileType = sourcecode.c.h; name = GADAdMobExtras.h; path = iCaxirola/GADAdMobExtras.h; sourceTree = "<group>"; };
		27500B0918ABA58300703749 /* GADAdNetworkExtras.h */ = {isa = PBXFileReference; fileEncoding = 4; lastKnownFileType = sourcecode.c.h; name = GADAdNetworkExtras.h; path = iCaxirola/GADAdNetworkExtras.h; sourceTree = "<group>"; };
		27500B0A18ABA58300703749 /* GADAdSize.h */ = {isa = PBXFileReference; fileEncoding = 4; lastKnownFileType = sourcecode.c.h; name = GADAdSize.h; path = iCaxirola/GADAdSize.h; sourceTree = "<group>"; };
		27500B0B18ABA58300703749 /* GADBannerView.h */ = {isa = PBXFileReference; fileEncoding = 4; lastKnownFileType = sourcecode.c.h; name = GADBannerView.h; path = iCaxirola/GADBannerView.h; sourceTree = "<group>"; };
		27500B0C18ABA58300703749 /* GADBannerViewDelegate.h */ = {isa = PBXFileReference; fileEncoding = 4; lastKnownFileType = sourcecode.c.h; name = GADBannerViewDelegate.h; path = iCaxirola/GADBannerViewDelegate.h; sourceTree = "<group>"; };
		27500B0D18ABA58300703749 /* GADInterstitial.h */ = {isa = PBXFileReference; fileEncoding = 4; lastKnownFileType = sourcecode.c.h; name = GADInterstitial.h; path = iCaxirola/GADInterstitial.h; sourceTree = "<group>"; };
		27500B0E18ABA58300703749 /* GADInterstitialDelegate.h */ = {isa = PBXFileReference; fileEncoding = 4; lastKnownFileType = sourcecode.c.h; name = GADInterstitialDelegate.h; path = iCaxirola/GADInterstitialDelegate.h; sourceTree = "<group>"; };
		27500B0F18ABA58300703749 /* GADRequest.h */ = {isa = PBXFileReference; fileEncoding = 4; lastKnownFileType = sourcecode.c.h; name = GADRequest.h; path = iCaxirola/GADRequest.h; sourceTree = "<group>"; };
		27500B1018ABA58300703749 /* GADRequestError.h */ = {isa = PBXFileReference; fileEncoding = 4; lastKnownFileType = sourcecode.c.h; name = GADRequestError.h; path = iCaxirola/GADRequestError.h; sourceTree = "<group>"; };
		27500B1118ABA58300703749 /* libGoogleAdMobAds.a */ = {isa = PBXFileReference; lastKnownFileType = archive.ar; name = libGoogleAdMobAds.a; path = iCaxirola/libGoogleAdMobAds.a; sourceTree = "<group>"; };
		27500B1218ABA58300703749 /* README.txt */ = {isa = PBXFileReference; fileEncoding = 4; lastKnownFileType = text; name = README.txt; path = iCaxirola/README.txt; sourceTree = "<group>"; };
		27500B1618ABA5D300703749 /* AdSupport.framework */ = {isa = PBXFileReference; lastKnownFileType = wrapper.framework; name = AdSupport.framework; path = System/Library/Frameworks/AdSupport.framework; sourceTree = SDKROOT; };
		27500B1818ABA5E400703749 /* CoreTelephony.framework */ = {isa = PBXFileReference; lastKnownFileType = wrapper.framework; name = CoreTelephony.framework; path = System/Library/Frameworks/CoreTelephony.framework; sourceTree = SDKROOT; };
		27500B1A18ABA5EE00703749 /* MessageUI.framework */ = {isa = PBXFileReference; lastKnownFileType = wrapper.framework; name = MessageUI.framework; path = System/Library/Frameworks/MessageUI.framework; sourceTree = SDKROOT; };
		27500B1C18ABA5F900703749 /* StoreKit.framework */ = {isa = PBXFileReference; lastKnownFileType = wrapper.framework; name = StoreKit.framework; path = System/Library/Frameworks/StoreKit.framework; sourceTree = SDKROOT; };
		27500B1E18ABA60400703749 /* SystemConfiguration.framework */ = {isa = PBXFileReference; lastKnownFileType = wrapper.framework; name = SystemConfiguration.framework; path = System/Library/Frameworks/SystemConfiguration.framework; sourceTree = SDKROOT; };
		27500B3718B2538E00703749 /* 1_bra.png */ = {isa = PBXFileReference; lastKnownFileType = image.png; path = 1_bra.png; sourceTree = "<group>"; };
		27500B3818B2538E00703749 /* 1_bra2.png */ = {isa = PBXFileReference; lastKnownFileType = image.png; path = 1_bra2.png; sourceTree = "<group>"; };
		27500B3918B2538E00703749 /* 1_cmr.png */ = {isa = PBXFileReference; lastKnownFileType = image.png; path = 1_cmr.png; sourceTree = "<group>"; };
		27500B3A18B2538E00703749 /* 1_cro.png */ = {isa = PBXFileReference; lastKnownFileType = image.png; path = 1_cro.png; sourceTree = "<group>"; };
		27500B3B18B2538E00703749 /* 1_mex.png */ = {isa = PBXFileReference; lastKnownFileType = image.png; path = 1_mex.png; sourceTree = "<group>"; };
		27500B3C18B2538E00703749 /* 2_aus.png */ = {isa = PBXFileReference; lastKnownFileType = image.png; path = 2_aus.png; sourceTree = "<group>"; };
		27500B3D18B2538E00703749 /* 2_chi.png */ = {isa = PBXFileReference; lastKnownFileType = image.png; path = 2_chi.png; sourceTree = "<group>"; };
		27500B3E18B2538E00703749 /* 2_esp.png */ = {isa = PBXFileReference; lastKnownFileType = image.png; path = 2_esp.png; sourceTree = "<group>"; };
		27500B3F18B2538E00703749 /* 2_ned.png */ = {isa = PBXFileReference; lastKnownFileType = image.png; path = 2_ned.png; sourceTree = "<group>"; };
		27500B4018B2538E00703749 /* 3_civ.png */ = {isa = PBXFileReference; lastKnownFileType = image.png; path = 3_civ.png; sourceTree = "<group>"; };
		27500B4118B2538E00703749 /* 3_col.png */ = {isa = PBXFileReference; lastKnownFileType = image.png; path = 3_col.png; sourceTree = "<group>"; };
		27500B4218B2538E00703749 /* 3_gre.png */ = {isa = PBXFileReference; lastKnownFileType = image.png; path = 3_gre.png; sourceTree = "<group>"; };
		27500B4318B2538E00703749 /* 3_jpn.png */ = {isa = PBXFileReference; lastKnownFileType = image.png; path = 3_jpn.png; sourceTree = "<group>"; };
		27500B4418B2538E00703749 /* 3_jpn2.png */ = {isa = PBXFileReference; lastKnownFileType = image.png; path = 3_jpn2.png; sourceTree = "<group>"; };
		27500B4518B2538E00703749 /* 4_crc.png */ = {isa = PBXFileReference; lastKnownFileType = image.png; path = 4_crc.png; sourceTree = "<group>"; };
		27500B4618B2538E00703749 /* 4_eng.png */ = {isa = PBXFileReference; lastKnownFileType = image.png; path = 4_eng.png; sourceTree = "<group>"; };
		27500B4718B2538E00703749 /* 4_ita.png */ = {isa = PBXFileReference; lastKnownFileType = image.png; path = 4_ita.png; sourceTree = "<group>"; };
		27500B4818B2538E00703749 /* 4_ita2.png */ = {isa = PBXFileReference; lastKnownFileType = image.png; path = 4_ita2.png; sourceTree = "<group>"; };
		27500B4918B2538E00703749 /* 4_uru.png */ = {isa = PBXFileReference; lastKnownFileType = image.png; path = 4_uru.png; sourceTree = "<group>"; };
		27500B4A18B2538E00703749 /* 5_ecu.png */ = {isa = PBXFileReference; lastKnownFileType = image.png; path = 5_ecu.png; sourceTree = "<group>"; };
		27500B4B18B2538E00703749 /* 5_fra.png */ = {isa = PBXFileReference; lastKnownFileType = image.png; path = 5_fra.png; sourceTree = "<group>"; };
		27500B4C18B2538E00703749 /* 5_fra2.png */ = {isa = PBXFileReference; lastKnownFileType = image.png; path = 5_fra2.png; sourceTree = "<group>"; };
		27500B4D18B2538E00703749 /* 5_hon.png */ = {isa = PBXFileReference; lastKnownFileType = image.png; path = 5_hon.png; sourceTree = "<group>"; };
		27500B4E18B2538E00703749 /* 5_hon2.png */ = {isa = PBXFileReference; lastKnownFileType = image.png; path = 5_hon2.png; sourceTree = "<group>"; };
		27500B4F18B2538E00703749 /* 5_sui.png */ = {isa = PBXFileReference; lastKnownFileType = image.png; path = 5_sui.png; sourceTree = "<group>"; };
		27500B5018B2538E00703749 /* 6_arg.png */ = {isa = PBXFileReference; lastKnownFileType = image.png; path = 6_arg.png; sourceTree = "<group>"; };
		27500B5118B2538E00703749 /* 6_bih.png */ = {isa = PBXFileReference; lastKnownFileType = image.png; path = 6_bih.png; sourceTree = "<group>"; };
		27500B5218B2538E00703749 /* 6_irn.png */ = {isa = PBXFileReference; lastKnownFileType = image.png; path = 6_irn.png; sourceTree = "<group>"; };
		27500B5318B2538E00703749 /* 6_nga.png */ = {isa = PBXFileReference; lastKnownFileType = image.png; path = 6_nga.png; sourceTree = "<group>"; };
		27500B5418B2538E00703749 /* 7_ger.png */ = {isa = PBXFileReference; lastKnownFileType = image.png; path = 7_ger.png; sourceTree = "<group>"; };
		27500B5518B2538E00703749 /* 7_ger2.png */ = {isa = PBXFileReference; lastKnownFileType = image.png; path = 7_ger2.png; sourceTree = "<group>"; };
		27500B5618B2538E00703749 /* 7_gha.png */ = {isa = PBXFileReference; lastKnownFileType = image.png; path = 7_gha.png; sourceTree = "<group>"; };
		27500B5718B2538E00703749 /* 7_gha2.png */ = {isa = PBXFileReference; lastKnownFileType = image.png; path = 7_gha2.png; sourceTree = "<group>"; };
		27500B5818B2538E00703749 /* 7_por.png */ = {isa = PBXFileReference; lastKnownFileType = image.png; path = 7_por.png; sourceTree = "<group>"; };
		27500B5918B2538E00703749 /* 7_usa.png */ = {isa = PBXFileReference; lastKnownFileType = image.png; path = 7_usa.png; sourceTree = "<group>"; };
		27500B5A18B2538E00703749 /* 7_usa2.png */ = {isa = PBXFileReference; lastKnownFileType = image.png; path = 7_usa2.png; sourceTree = "<group>"; };
		27500B5B18B2538E00703749 /* 8_alg.png */ = {isa = PBXFileReference; lastKnownFileType = image.png; path = 8_alg.png; sourceTree = "<group>"; };
		27500B5C18B2538E00703749 /* 8_bel.png */ = {isa = PBXFileReference; lastKnownFileType = image.png; path = 8_bel.png; sourceTree = "<group>"; };
		27500B5D18B2538E00703749 /* 8_kor.png */ = {isa = PBXFileReference; lastKnownFileType = image.png; path = 8_kor.png; sourceTree = "<group>"; };
		27500B5E18B2538E00703749 /* 8_rus.png */ = {isa = PBXFileReference; lastKnownFileType = image.png; path = 8_rus.png; sourceTree = "<group>"; };
		2759BA5D18DC0C5300E5D032 /* KIFiCaxirolaTests.h */ = {isa = PBXFileReference; fileEncoding = 4; lastKnownFileType = sourcecode.c.h; path = KIFiCaxirolaTests.h; sourceTree = "<group>"; };
		2759BA5E18DC0C5300E5D032 /* KIFiCaxirolaTests.m */ = {isa = PBXFileReference; fileEncoding = 4; lastKnownFileType = sourcecode.c.objc; path = KIFiCaxirolaTests.m; sourceTree = "<group>"; };
		27616F3818E30A7A009CB95C /* libGoogleAnalyticsServices.a */ = {isa = PBXFileReference; lastKnownFileType = archive.ar; name = libGoogleAnalyticsServices.a; path = ../Downloads/GoogleAnalyticsServicesiOS_3.03c/libGoogleAnalyticsServices.a; sourceTree = "<group>"; };
		27616F3C18E30AC2009CB95C /* Changelog.txt */ = {isa = PBXFileReference; lastKnownFileType = text; path = Changelog.txt; sourceTree = "<group>"; };
		27616F3F18E30AC2009CB95C /* AppDelegate.h */ = {isa = PBXFileReference; lastKnownFileType = sourcecode.c.h; path = AppDelegate.h; sourceTree = "<group>"; };
		27616F4018E30AC2009CB95C /* AppDelegate.m */ = {isa = PBXFileReference; lastKnownFileType = sourcecode.c.objc; path = AppDelegate.m; sourceTree = "<group>"; };
		27616F4118E30AC2009CB95C /* CategoryViewController.h */ = {isa = PBXFileReference; lastKnownFileType = sourcecode.c.h; path = CategoryViewController.h; sourceTree = "<group>"; };
		27616F4218E30AC2009CB95C /* CategoryViewController.m */ = {isa = PBXFileReference; lastKnownFileType = sourcecode.c.objc; path = CategoryViewController.m; sourceTree = "<group>"; };
		27616F4318E30AC2009CB95C /* CategoryViewController_iPad.xib */ = {isa = PBXFileReference; lastKnownFileType = file.xib; path = CategoryViewController_iPad.xib; sourceTree = "<group>"; };
		27616F4418E30AC2009CB95C /* CategoryViewController_iPhone.xib */ = {isa = PBXFileReference; lastKnownFileType = file.xib; path = CategoryViewController_iPhone.xib; sourceTree = "<group>"; };
		27616F4518E30AC2009CB95C /* CuteAnimals-Info.plist */ = {isa = PBXFileReference; lastKnownFileType = text.plist.xml; path = "CuteAnimals-Info.plist"; sourceTree = "<group>"; };
		27616F4618E30AC2009CB95C /* CuteAnimals-Prefix.pch */ = {isa = PBXFileReference; lastKnownFileType = sourcecode.c.h; path = "CuteAnimals-Prefix.pch"; sourceTree = "<group>"; };
		27616F4718E30AC2009CB95C /* CuteAnimals.xcodeproj */ = {isa = PBXFileReference; lastKnownFileType = "wrapper.pb-project"; path = CuteAnimals.xcodeproj; sourceTree = "<group>"; };
		27616F4B18E30AC2009CB95C /* Bunny-1.jpg */ = {isa = PBXFileReference; lastKnownFileType = image.jpeg; path = "Bunny-1.jpg"; sourceTree = "<group>"; };
		27616F4C18E30AC2009CB95C /* Bunny-2.jpg */ = {isa = PBXFileReference; lastKnownFileType = image.jpeg; path = "Bunny-2.jpg"; sourceTree = "<group>"; };
		27616F4D18E30AC2009CB95C /* Bunny-3.jpg */ = {isa = PBXFileReference; lastKnownFileType = image.jpeg; path = "Bunny-3.jpg"; sourceTree = "<group>"; };
		27616F4E18E30AC2009CB95C /* Cat-1.jpg */ = {isa = PBXFileReference; lastKnownFileType = image.jpeg; path = "Cat-1.jpg"; sourceTree = "<group>"; };
		27616F4F18E30AC2009CB95C /* Cat-2.jpg */ = {isa = PBXFileReference; lastKnownFileType = image.jpeg; path = "Cat-2.jpg"; sourceTree = "<group>"; };
		27616F5018E30AC2009CB95C /* Cat-3.jpg */ = {isa = PBXFileReference; lastKnownFileType = image.jpeg; path = "Cat-3.jpg"; sourceTree = "<group>"; };
		27616F5118E30AC2009CB95C /* Cat-4.jpg */ = {isa = PBXFileReference; lastKnownFileType = image.jpeg; path = "Cat-4.jpg"; sourceTree = "<group>"; };
		27616F5218E30AC2009CB95C /* Lion-1.jpg */ = {isa = PBXFileReference; lastKnownFileType = image.jpeg; path = "Lion-1.jpg"; sourceTree = "<group>"; };
		27616F5318E30AC2009CB95C /* Lion-2.jpg */ = {isa = PBXFileReference; lastKnownFileType = image.jpeg; path = "Lion-2.jpg"; sourceTree = "<group>"; };
		27616F5418E30AC2009CB95C /* Lion-3.jpg */ = {isa = PBXFileReference; lastKnownFileType = image.jpeg; path = "Lion-3.jpg"; sourceTree = "<group>"; };
		27616F5518E30AC2009CB95C /* Lion-4.jpg */ = {isa = PBXFileReference; lastKnownFileType = image.jpeg; path = "Lion-4.jpg"; sourceTree = "<group>"; };
		27616F5618E30AC2009CB95C /* Monkey-1.jpg */ = {isa = PBXFileReference; lastKnownFileType = image.jpeg; path = "Monkey-1.jpg"; sourceTree = "<group>"; };
		27616F5718E30AC2009CB95C /* Monkey-2.jpg */ = {isa = PBXFileReference; lastKnownFileType = image.jpeg; path = "Monkey-2.jpg"; sourceTree = "<group>"; };
		27616F5818E30AC2009CB95C /* Monkey-3.jpg */ = {isa = PBXFileReference; lastKnownFileType = image.jpeg; path = "Monkey-3.jpg"; sourceTree = "<group>"; };
		27616F5918E30AC2009CB95C /* Monkey-4.jpg */ = {isa = PBXFileReference; lastKnownFileType = image.jpeg; path = "Monkey-4.jpg"; sourceTree = "<group>"; };
		27616F5A18E30AC2009CB95C /* Monkey-5.jpg */ = {isa = PBXFileReference; lastKnownFileType = image.jpeg; path = "Monkey-5.jpg"; sourceTree = "<group>"; };
		27616F5B18E30AC2009CB95C /* Tiger-1.jpg */ = {isa = PBXFileReference; lastKnownFileType = image.jpeg; path = "Tiger-1.jpg"; sourceTree = "<group>"; };
		27616F5C18E30AC2009CB95C /* Tiger-2.jpg */ = {isa = PBXFileReference; lastKnownFileType = image.jpeg; path = "Tiger-2.jpg"; sourceTree = "<group>"; };
		27616F5D18E30AC2009CB95C /* ImageViewController.h */ = {isa = PBXFileReference; lastKnownFileType = sourcecode.c.h; path = ImageViewController.h; sourceTree = "<group>"; };
		27616F5E18E30AC2009CB95C /* ImageViewController.m */ = {isa = PBXFileReference; lastKnownFileType = sourcecode.c.objc; path = ImageViewController.m; sourceTree = "<group>"; };
		27616F5F18E30AC2009CB95C /* main.m */ = {isa = PBXFileReference; lastKnownFileType = sourcecode.c.objc; path = main.m; sourceTree = "<group>"; };
		27616F6018E30AC2009CB95C /* NavController.h */ = {isa = PBXFileReference; lastKnownFileType = sourcecode.c.h; path = NavController.h; sourceTree = "<group>"; };
		27616F6118E30AC2009CB95C /* NavController.m */ = {isa = PBXFileReference; lastKnownFileType = sourcecode.c.objc; path = NavController.m; sourceTree = "<group>"; };
		27616F6218E30AC2009CB95C /* Readme.txt */ = {isa = PBXFileReference; lastKnownFileType = text; path = Readme.txt; sourceTree = "<group>"; };
		27616F6318E30AC2009CB95C /* RootViewController.h */ = {isa = PBXFileReference; lastKnownFileType = sourcecode.c.h; path = RootViewController.h; sourceTree = "<group>"; };
		27616F6418E30AC2009CB95C /* RootViewController.m */ = {isa = PBXFileReference; lastKnownFileType = sourcecode.c.objc; path = RootViewController.m; sourceTree = "<group>"; };
		27616F6518E30AC2009CB95C /* RootViewController.xib */ = {isa = PBXFileReference; lastKnownFileType = file.xib; path = RootViewController.xib; sourceTree = "<group>"; };
		27616F6618E30AC2009CB95C /* Settings.bundle */ = {isa = PBXFileReference; lastKnownFileType = "wrapper.plug-in"; path = Settings.bundle; sourceTree = "<group>"; };
		27616F6818E30AC2009CB95C /* GAI.h */ = {isa = PBXFileReference; lastKnownFileType = sourcecode.c.h; path = GAI.h; sourceTree = "<group>"; };
		27616F6918E30AC2009CB95C /* GAIDictionaryBuilder.h */ = {isa = PBXFileReference; lastKnownFileType = sourcecode.c.h; path = GAIDictionaryBuilder.h; sourceTree = "<group>"; };
		27616F6A18E30AC2009CB95C /* GAIFields.h */ = {isa = PBXFileReference; lastKnownFileType = sourcecode.c.h; path = GAIFields.h; sourceTree = "<group>"; };
		27616F6B18E30AC2009CB95C /* GAILogger.h */ = {isa = PBXFileReference; lastKnownFileType = sourcecode.c.h; path = GAILogger.h; sourceTree = "<group>"; };
		27616F6C18E30AC2009CB95C /* GAITrackedViewController.h */ = {isa = PBXFileReference; lastKnownFileType = sourcecode.c.h; path = GAITrackedViewController.h; sourceTree = "<group>"; };
		27616F6D18E30AC2009CB95C /* GAITracker.h */ = {isa = PBXFileReference; lastKnownFileType = sourcecode.c.h; path = GAITracker.h; sourceTree = "<group>"; };
		27616F6E18E30AC2009CB95C /* Readme.txt */ = {isa = PBXFileReference; lastKnownFileType = text; path = Readme.txt; sourceTree = "<group>"; };
		27616F7018E30AC2009CB95C /* Changelog.txt */ = {isa = PBXFileReference; lastKnownFileType = text; path = Changelog.txt; sourceTree = "<group>"; };
		27616F7318E30AC2009CB95C /* AppDelegate.h */ = {isa = PBXFileReference; lastKnownFileType = sourcecode.c.h; path = AppDelegate.h; sourceTree = "<group>"; };
		27616F7418E30AC2009CB95C /* AppDelegate.m */ = {isa = PBXFileReference; lastKnownFileType = sourcecode.c.objc; path = AppDelegate.m; sourceTree = "<group>"; };
		27616F7518E30AC2009CB95C /* CategoryViewController.h */ = {isa = PBXFileReference; lastKnownFileType = sourcecode.c.h; path = CategoryViewController.h; sourceTree = "<group>"; };
		27616F7618E30AC2009CB95C /* CategoryViewController.m */ = {isa = PBXFileReference; lastKnownFileType = sourcecode.c.objc; path = CategoryViewController.m; sourceTree = "<group>"; };
		27616F7718E30AC2009CB95C /* CategoryViewController_iPad.xib */ = {isa = PBXFileReference; lastKnownFileType = file.xib; path = CategoryViewController_iPad.xib; sourceTree = "<group>"; };
		27616F7818E30AC2009CB95C /* CategoryViewController_iPhone.xib */ = {isa = PBXFileReference; lastKnownFileType = file.xib; path = CategoryViewController_iPhone.xib; sourceTree = "<group>"; };
		27616F7918E30AC2009CB95C /* CustomMacroHandler.h */ = {isa = PBXFileReference; lastKnownFileType = sourcecode.c.h; path = CustomMacroHandler.h; sourceTree = "<group>"; };
		27616F7A18E30AC2009CB95C /* CustomMacroHandler.m */ = {isa = PBXFileReference; lastKnownFileType = sourcecode.c.objc; path = CustomMacroHandler.m; sourceTree = "<group>"; };
		27616F7B18E30AC2009CB95C /* CustomTagHandler.h */ = {isa = PBXFileReference; lastKnownFileType = sourcecode.c.h; path = CustomTagHandler.h; sourceTree = "<group>"; };
		27616F7C18E30AC2009CB95C /* CustomTagHandler.m */ = {isa = PBXFileReference; lastKnownFileType = sourcecode.c.objc; path = CustomTagHandler.m; sourceTree = "<group>"; };
		27616F7D18E30AC2009CB95C /* CuteAnimals-Info.plist */ = {isa = PBXFileReference; lastKnownFileType = text.plist.xml; path = "CuteAnimals-Info.plist"; sourceTree = "<group>"; };
		27616F7E18E30AC2009CB95C /* CuteAnimals-Prefix.pch */ = {isa = PBXFileReference; lastKnownFileType = sourcecode.c.h; path = "CuteAnimals-Prefix.pch"; sourceTree = "<group>"; };
		27616F7F18E30AC2009CB95C /* CuteAnimals.xcodeproj */ = {isa = PBXFileReference; lastKnownFileType = "wrapper.pb-project"; path = CuteAnimals.xcodeproj; sourceTree = "<group>"; };
		27616F8218E30AC2009CB95C /* GTM-XXXX */ = {isa = PBXFileReference; lastKnownFileType = file; path = "GTM-XXXX"; sourceTree = "<group>"; };
		27616F8318E30AC2009CB95C /* GTM-XXXX.plist */ = {isa = PBXFileReference; lastKnownFileType = text.plist.xml; path = "GTM-XXXX.plist"; sourceTree = "<group>"; };
		27616F8518E30AC3009CB95C /* Bunny-1.jpg */ = {isa = PBXFileReference; lastKnownFileType = image.jpeg; path = "Bunny-1.jpg"; sourceTree = "<group>"; };
		27616F8618E30AC3009CB95C /* Bunny-2.jpg */ = {isa = PBXFileReference; lastKnownFileType = image.jpeg; path = "Bunny-2.jpg"; sourceTree = "<group>"; };
		27616F8718E30AC3009CB95C /* Bunny-3.jpg */ = {isa = PBXFileReference; lastKnownFileType = image.jpeg; path = "Bunny-3.jpg"; sourceTree = "<group>"; };
		27616F8818E30AC3009CB95C /* Cat-1.jpg */ = {isa = PBXFileReference; lastKnownFileType = image.jpeg; path = "Cat-1.jpg"; sourceTree = "<group>"; };
		27616F8918E30AC3009CB95C /* Cat-2.jpg */ = {isa = PBXFileReference; lastKnownFileType = image.jpeg; path = "Cat-2.jpg"; sourceTree = "<group>"; };
		27616F8A18E30AC3009CB95C /* Cat-3.jpg */ = {isa = PBXFileReference; lastKnownFileType = image.jpeg; path = "Cat-3.jpg"; sourceTree = "<group>"; };
		27616F8B18E30AC3009CB95C /* Cat-4.jpg */ = {isa = PBXFileReference; lastKnownFileType = image.jpeg; path = "Cat-4.jpg"; sourceTree = "<group>"; };
		27616F8C18E30AC3009CB95C /* Container.png */ = {isa = PBXFileReference; lastKnownFileType = image.png; path = Container.png; sourceTree = "<group>"; };
		27616F8D18E30AC3009CB95C /* CustomTag.png */ = {isa = PBXFileReference; lastKnownFileType = image.png; path = CustomTag.png; sourceTree = "<group>"; };
		27616F8E18E30AC3009CB95C /* Lion-1.jpg */ = {isa = PBXFileReference; lastKnownFileType = image.jpeg; path = "Lion-1.jpg"; sourceTree = "<group>"; };
		27616F8F18E30AC3009CB95C /* Lion-2.jpg */ = {isa = PBXFileReference; lastKnownFileType = image.jpeg; path = "Lion-2.jpg"; sourceTree = "<group>"; };
		27616F9018E30AC3009CB95C /* Lion-3.jpg */ = {isa = PBXFileReference; lastKnownFileType = image.jpeg; path = "Lion-3.jpg"; sourceTree = "<group>"; };
		27616F9118E30AC3009CB95C /* Lion-4.jpg */ = {isa = PBXFileReference; lastKnownFileType = image.jpeg; path = "Lion-4.jpg"; sourceTree = "<group>"; };
		27616F9218E30AC3009CB95C /* Monkey-1.jpg */ = {isa = PBXFileReference; lastKnownFileType = image.jpeg; path = "Monkey-1.jpg"; sourceTree = "<group>"; };
		27616F9318E30AC3009CB95C /* Monkey-2.jpg */ = {isa = PBXFileReference; lastKnownFileType = image.jpeg; path = "Monkey-2.jpg"; sourceTree = "<group>"; };
		27616F9418E30AC3009CB95C /* Monkey-3.jpg */ = {isa = PBXFileReference; lastKnownFileType = image.jpeg; path = "Monkey-3.jpg"; sourceTree = "<group>"; };
		27616F9518E30AC3009CB95C /* Monkey-4.jpg */ = {isa = PBXFileReference; lastKnownFileType = image.jpeg; path = "Monkey-4.jpg"; sourceTree = "<group>"; };
		27616F9618E30AC3009CB95C /* Monkey-5.jpg */ = {isa = PBXFileReference; lastKnownFileType = image.jpeg; path = "Monkey-5.jpg"; sourceTree = "<group>"; };
		27616F9718E30AC3009CB95C /* NumRefreshesMod5.png */ = {isa = PBXFileReference; lastKnownFileType = image.png; path = NumRefreshesMod5.png; sourceTree = "<group>"; };
		27616F9818E30AC3009CB95C /* RefreshEvent.png */ = {isa = PBXFileReference; lastKnownFileType = image.png; path = RefreshEvent.png; sourceTree = "<group>"; };
		27616F9918E30AC3009CB95C /* RefreshEventTag.png */ = {isa = PBXFileReference; lastKnownFileType = image.png; path = RefreshEventTag.png; sourceTree = "<group>"; };
		27616F9A18E30AC3009CB95C /* ScreenClosedTag.png */ = {isa = PBXFileReference; lastKnownFileType = image.png; path = ScreenClosedTag.png; sourceTree = "<group>"; };
		27616F9B18E30AC3009CB95C /* ScreenOpenTag.png */ = {isa = PBXFileReference; lastKnownFileType = image.png; path = ScreenOpenTag.png; sourceTree = "<group>"; };
		27616F9C18E30AC3009CB95C /* Tiger-1.jpg */ = {isa = PBXFileReference; lastKnownFileType = image.jpeg; path = "Tiger-1.jpg"; sourceTree = "<group>"; };
		27616F9D18E30AC3009CB95C /* Tiger-2.jpg */ = {isa = PBXFileReference; lastKnownFileType = image.jpeg; path = "Tiger-2.jpg"; sourceTree = "<group>"; };
		27616F9E18E30AC3009CB95C /* ImageViewController.h */ = {isa = PBXFileReference; lastKnownFileType = sourcecode.c.h; path = ImageViewController.h; sourceTree = "<group>"; };
		27616F9F18E30AC3009CB95C /* ImageViewController.m */ = {isa = PBXFileReference; lastKnownFileType = sourcecode.c.objc; path = ImageViewController.m; sourceTree = "<group>"; };
		27616FA018E30AC3009CB95C /* main.m */ = {isa = PBXFileReference; lastKnownFileType = sourcecode.c.objc; path = main.m; sourceTree = "<group>"; };
		27616FA118E30AC3009CB95C /* NavController.h */ = {isa = PBXFileReference; lastKnownFileType = sourcecode.c.h; path = NavController.h; sourceTree = "<group>"; };
		27616FA218E30AC3009CB95C /* NavController.m */ = {isa = PBXFileReference; lastKnownFileType = sourcecode.c.objc; path = NavController.m; sourceTree = "<group>"; };
		27616FA318E30AC3009CB95C /* README */ = {isa = PBXFileReference; lastKnownFileType = text; path = README; sourceTree = "<group>"; };
		27616FA418E30AC3009CB95C /* RootViewController.h */ = {isa = PBXFileReference; lastKnownFileType = sourcecode.c.h; path = RootViewController.h; sourceTree = "<group>"; };
		27616FA518E30AC3009CB95C /* RootViewController.m */ = {isa = PBXFileReference; lastKnownFileType = sourcecode.c.objc; path = RootViewController.m; sourceTree = "<group>"; };
		27616FA618E30AC3009CB95C /* RootViewController.xib */ = {isa = PBXFileReference; lastKnownFileType = file.xib; path = RootViewController.xib; sourceTree = "<group>"; };
		27616FA718E30AC3009CB95C /* Utils.h */ = {isa = PBXFileReference; lastKnownFileType = sourcecode.c.h; path = Utils.h; sourceTree = "<group>"; };
		27616FA818E30AC3009CB95C /* Utils.m */ = {isa = PBXFileReference; lastKnownFileType = sourcecode.c.objc; path = Utils.m; sourceTree = "<group>"; };
		27616FAA18E30AC3009CB95C /* TAGContainer.h */ = {isa = PBXFileReference; lastKnownFileType = sourcecode.c.h; path = TAGContainer.h; sourceTree = "<group>"; };
		27616FAB18E30AC3009CB95C /* TAGContainerOpener.h */ = {isa = PBXFileReference; lastKnownFileType = sourcecode.c.h; path = TAGContainerOpener.h; sourceTree = "<group>"; };
		27616FAC18E30AC3009CB95C /* TAGDataLayer.h */ = {isa = PBXFileReference; lastKnownFileType = sourcecode.c.h; path = TAGDataLayer.h; sourceTree = "<group>"; };
		27616FAD18E30AC3009CB95C /* TAGLogger.h */ = {isa = PBXFileReference; lastKnownFileType = sourcecode.c.h; path = TAGLogger.h; sourceTree = "<group>"; };
		27616FAE18E30AC3009CB95C /* TAGManager.h */ = {isa = PBXFileReference; lastKnownFileType = sourcecode.c.h; path = TAGManager.h; sourceTree = "<group>"; };
		27616FAF18E30AC3009CB95C /* Readme.txt */ = {isa = PBXFileReference; lastKnownFileType = text; path = Readme.txt; sourceTree = "<group>"; };
		27616FB018E30AC3009CB95C /* libAdIdAccess.a */ = {isa = PBXFileReference; lastKnownFileType = archive.ar; path = libAdIdAccess.a; sourceTree = "<group>"; };
		27616FB118E30AC3009CB95C /* libGoogleAnalyticsServices.a */ = {isa = PBXFileReference; lastKnownFileType = archive.ar; path = libGoogleAnalyticsServices.a; sourceTree = "<group>"; };
		27616FB218E30AC3009CB95C /* Readme.txt */ = {isa = PBXFileReference; lastKnownFileType = text; path = Readme.txt; sourceTree = "<group>"; };
		2763DD0918D33F3300F60358 /* bird.png */ = {isa = PBXFileReference; lastKnownFileType = image.png; path = bird.png; sourceTree = "<group>"; };
		276BD50818CB84380035A90F /* Icon-60@2x.png */ = {isa = PBXFileReference; lastKnownFileType = image.png; path = "Icon-60@2x.png"; sourceTree = "<group>"; };
		276BD50918CB84380035A90F /* Icon-Small.png */ = {isa = PBXFileReference; lastKnownFileType = image.png; path = "Icon-Small.png"; sourceTree = "<group>"; };
		276BD50A18CB84380035A90F /* Icon-Small@2x.png */ = {isa = PBXFileReference; lastKnownFileType = image.png; path = "Icon-Small@2x.png"; sourceTree = "<group>"; };
		276BD50E18CB84CA0035A90F /* Icon-60.png */ = {isa = PBXFileReference; lastKnownFileType = image.png; path = "Icon-60.png"; sourceTree = "<group>"; };
		278D343E18B3BE3800EAE4E5 /* Params.h */ = {isa = PBXFileReference; fileEncoding = 4; lastKnownFileType = sourcecode.c.h; path = Params.h; sourceTree = "<group>"; };
		278D343F18B3BE3800EAE4E5 /* Params.m */ = {isa = PBXFileReference; fileEncoding = 4; lastKnownFileType = sourcecode.c.objc; path = Params.m; sourceTree = "<group>"; };
		27D40C6F18D6B8B5009C5C9D /* stars2.png */ = {isa = PBXFileReference; lastKnownFileType = image.png; path = stars2.png; sourceTree = "<group>"; };
		27E78C8C18B8A7D500FD3984 /* selected.png */ = {isa = PBXFileReference; lastKnownFileType = image.png; path = selected.png; sourceTree = "<group>"; };
		27F7126318BC928700A4394C /* maracas0.wav */ = {isa = PBXFileReference; lastKnownFileType = audio.wav; path = maracas0.wav; sourceTree = "<group>"; };
		27F7126418BC928700A4394C /* maracas1.wav */ = {isa = PBXFileReference; lastKnownFileType = audio.wav; path = maracas1.wav; sourceTree = "<group>"; };
		27F7126918BC936700A4394C /* 1_brazil.png */ = {isa = PBXFileReference; lastKnownFileType = image.png; path = 1_brazil.png; sourceTree = "<group>"; };
		27F7126E18BDA5F200A4394C /* AwesomeMenu.h */ = {isa = PBXFileReference; fileEncoding = 4; lastKnownFileType = sourcecode.c.h; path = AwesomeMenu.h; sourceTree = "<group>"; };
		27F7126F18BDA5F200A4394C /* AwesomeMenu.m */ = {isa = PBXFileReference; fileEncoding = 4; lastKnownFileType = sourcecode.c.objc; path = AwesomeMenu.m; sourceTree = "<group>"; };
		27F7127018BDA5F200A4394C /* AwesomeMenuItem.h */ = {isa = PBXFileReference; fileEncoding = 4; lastKnownFileType = sourcecode.c.h; path = AwesomeMenuItem.h; sourceTree = "<group>"; };
		27F7127118BDA5F200A4394C /* AwesomeMenuItem.m */ = {isa = PBXFileReference; fileEncoding = 4; lastKnownFileType = sourcecode.c.objc; path = AwesomeMenuItem.m; sourceTree = "<group>"; };
		27F7127518BDA6B500A4394C /* bg-addbutton-highlighted.png */ = {isa = PBXFileReference; lastKnownFileType = image.png; path = "bg-addbutton-highlighted.png"; sourceTree = "<group>"; };
		27F7127618BDA6B500A4394C /* bg-addbutton-highlighted@2x.png */ = {isa = PBXFileReference; lastKnownFileType = image.png; path = "bg-addbutton-highlighted@2x.png"; sourceTree = "<group>"; };
		27F7127718BDA6B500A4394C /* bg-addbutton.png */ = {isa = PBXFileReference; lastKnownFileType = image.png; path = "bg-addbutton.png"; sourceTree = "<group>"; };
		27F7127818BDA6B500A4394C /* bg-addbutton@2x.png */ = {isa = PBXFileReference; lastKnownFileType = image.png; path = "bg-addbutton@2x.png"; sourceTree = "<group>"; };
		27F7127918BDA6B500A4394C /* bg-menuitem-highlighted.png */ = {isa = PBXFileReference; lastKnownFileType = image.png; path = "bg-menuitem-highlighted.png"; sourceTree = "<group>"; };
		27F7127A18BDA6B500A4394C /* bg-menuitem-highlighted@2x.png */ = {isa = PBXFileReference; lastKnownFileType = image.png; path = "bg-menuitem-highlighted@2x.png"; sourceTree = "<group>"; };
		27F7127B18BDA6B500A4394C /* bg-menuitem.png */ = {isa = PBXFileReference; lastKnownFileType = image.png; path = "bg-menuitem.png"; sourceTree = "<group>"; };
		27F7127C18BDA6B500A4394C /* bg-menuitem@2x.png */ = {isa = PBXFileReference; lastKnownFileType = image.png; path = "bg-menuitem@2x.png"; sourceTree = "<group>"; };
		27F7127D18BDA6B500A4394C /* icon-plus-highlighted.png */ = {isa = PBXFileReference; lastKnownFileType = image.png; path = "icon-plus-highlighted.png"; sourceTree = "<group>"; };
		27F7127E18BDA6B500A4394C /* icon-plus-highlighted@2x.png */ = {isa = PBXFileReference; lastKnownFileType = image.png; path = "icon-plus-highlighted@2x.png"; sourceTree = "<group>"; };
		27F7127F18BDA6B500A4394C /* icon-plus.png */ = {isa = PBXFileReference; lastKnownFileType = image.png; path = "icon-plus.png"; sourceTree = "<group>"; };
		27F7128018BDA6B500A4394C /* icon-plus@2x.png */ = {isa = PBXFileReference; lastKnownFileType = image.png; path = "icon-plus@2x.png"; sourceTree = "<group>"; };
		27F7128118BDA6B500A4394C /* icon-star.png */ = {isa = PBXFileReference; lastKnownFileType = image.png; path = "icon-star.png"; sourceTree = "<group>"; };
		27F7128218BDA6B500A4394C /* icon-star@2x.png */ = {isa = PBXFileReference; lastKnownFileType = image.png; path = "icon-star@2x.png"; sourceTree = "<group>"; };
		27F7129118BDA78400A4394C /* QuartzCore.framework */ = {isa = PBXFileReference; lastKnownFileType = wrapper.framework; name = QuartzCore.framework; path = System/Library/Frameworks/QuartzCore.framework; sourceTree = SDKROOT; };
		27F7129318BE0DB400A4394C /* Social.framework */ = {isa = PBXFileReference; lastKnownFileType = wrapper.framework; name = Social.framework; path = System/Library/Frameworks/Social.framework; sourceTree = SDKROOT; };
		27F7129518BE30F200A4394C /* WebView.xib */ = {isa = PBXFileReference; fileEncoding = 4; lastKnownFileType = file.xib; path = WebView.xib; sourceTree = "<group>"; };
		27F7129718BEF7B500A4394C /* 1_cameroon.png */ = {isa = PBXFileReference; lastKnownFileType = image.png; path = 1_cameroon.png; sourceTree = "<group>"; };
		4298634E201F4A40BDF654BF /* libPods-iCaxirolaTests.a */ = {isa = PBXFileReference; explicitFileType = archive.ar; includeInIndex = 0; path = "libPods-iCaxirolaTests.a"; sourceTree = BUILT_PRODUCTS_DIR; };
		F90F551067084196B1930DE2 /* Pods-iCaxirolaTests.xcconfig */ = {isa = PBXFileReference; includeInIndex = 1; lastKnownFileType = text.xcconfig; name = "Pods-iCaxirolaTests.xcconfig"; path = "Pods/Pods-iCaxirolaTests.xcconfig"; sourceTree = "<group>"; };
/* End PBXFileReference section */

/* Begin PBXFrameworksBuildPhase section */
		27500AA318AB87E600703749 /* Frameworks */ = {
			isa = PBXFrameworksBuildPhase;
			buildActionMask = 2147483647;
			files = (
				27616F3918E30A7A009CB95C /* libGoogleAnalyticsServices.a in Frameworks */,
				27F7129418BE0DB400A4394C /* Social.framework in Frameworks */,
				27F7129218BDA78400A4394C /* QuartzCore.framework in Frameworks */,
				27500B1F18ABA60400703749 /* SystemConfiguration.framework in Frameworks */,
				27500B1D18ABA5F900703749 /* StoreKit.framework in Frameworks */,
				27500B1B18ABA5EE00703749 /* MessageUI.framework in Frameworks */,
				27500B1918ABA5E400703749 /* CoreTelephony.framework in Frameworks */,
				27500AAC18AB87E600703749 /* CoreGraphics.framework in Frameworks */,
				27500B1718ABA5D300703749 /* AdSupport.framework in Frameworks */,
				27500AE118AB891500703749 /* AVFoundation.framework in Frameworks */,
				27500ADF18AB890F00703749 /* AudioToolbox.framework in Frameworks */,
				27500AAE18AB87E600703749 /* UIKit.framework in Frameworks */,
				27500AAA18AB87E600703749 /* Foundation.framework in Frameworks */,
			);
			runOnlyForDeploymentPostprocessing = 0;
		};
		27500AC418AB87E700703749 /* Frameworks */ = {
			isa = PBXFrameworksBuildPhase;
			buildActionMask = 2147483647;
			files = (
				27D40C7118D92171009C5C9D /* CoreGraphics.framework in Frameworks */,
				27500AC918AB87E700703749 /* XCTest.framework in Frameworks */,
				27500ACB18AB87E700703749 /* UIKit.framework in Frameworks */,
				27500ACA18AB87E700703749 /* Foundation.framework in Frameworks */,
				14FF75E3016B4CFC835C2DCD /* libPods-iCaxirolaTests.a in Frameworks */,
			);
			runOnlyForDeploymentPostprocessing = 0;
		};
/* End PBXFrameworksBuildPhase section */

/* Begin PBXGroup section */
		271DE35518B64BD300226209 /* Extension */ = {
			isa = PBXGroup;
			children = (
				271DE35618B64BF200226209 /* UIView+iCaxirola.h */,
				271DE35718B64BF200226209 /* UIView+iCaxirola.m */,
			);
			name = Extension;
			path = iCaxirola;
			sourceTree = "<group>";
		};
		27500A9D18AB87E600703749 = {
			isa = PBXGroup;
			children = (
				27500AAF18AB87E600703749 /* iCaxirola */,
				271DE35518B64BD300226209 /* Extension */,
				27500ACE18AB87E700703749 /* iCaxirolaTests */,
				27500AA818AB87E600703749 /* Frameworks */,
				27500AA718AB87E600703749 /* Products */,
				F90F551067084196B1930DE2 /* Pods-iCaxirolaTests.xcconfig */,
			);
			sourceTree = "<group>";
		};
		27500AA718AB87E600703749 /* Products */ = {
			isa = PBXGroup;
			children = (
				27500AA618AB87E600703749 /* iCaxirola.app */,
				27500AC718AB87E700703749 /* iCaxirolaTests.octest */,
			);
			name = Products;
			sourceTree = "<group>";
		};
		27500AA818AB87E600703749 /* Frameworks */ = {
			isa = PBXGroup;
			children = (
				27616F3818E30A7A009CB95C /* libGoogleAnalyticsServices.a */,
				27F7129318BE0DB400A4394C /* Social.framework */,
				27F7129118BDA78400A4394C /* QuartzCore.framework */,
				27500B1E18ABA60400703749 /* SystemConfiguration.framework */,
				27500B1C18ABA5F900703749 /* StoreKit.framework */,
				27500B1A18ABA5EE00703749 /* MessageUI.framework */,
				27500B1818ABA5E400703749 /* CoreTelephony.framework */,
				27500B1618ABA5D300703749 /* AdSupport.framework */,
				27500AE018AB891500703749 /* AVFoundation.framework */,
				27500ADE18AB890F00703749 /* AudioToolbox.framework */,
				27500AA918AB87E600703749 /* Foundation.framework */,
				27500AAB18AB87E600703749 /* CoreGraphics.framework */,
				27500AAD18AB87E600703749 /* UIKit.framework */,
				27500AC818AB87E700703749 /* XCTest.framework */,
				27F7126D18BDA5F200A4394C /* AwesomeMenu */,
				27500B1518ABA5A200703749 /* AdMob */,
				27616F3A18E30AC2009CB95C /* GoogleAnalyticsServicesiOS_3.03c */,
				4298634E201F4A40BDF654BF /* libPods-iCaxirolaTests.a */,
			);
			name = Frameworks;
			sourceTree = "<group>";
		};
		27500AAF18AB87E600703749 /* iCaxirola */ = {
			isa = PBXGroup;
			children = (
				27500B3618B24E1000703749 /* Flagsimages */,
				27500AB818AB87E600703749 /* AppDelegate.h */,
				27500AB918AB87E600703749 /* AppDelegate.m */,
				27500ABE18AB87E600703749 /* ViewController.h */,
				27500ABF18AB87E600703749 /* ViewController.m */,
				27500AE218AB897600703749 /* ViewController.xib */,
				27F7129518BE30F200A4394C /* WebView.xib */,
				278D343E18B3BE3800EAE4E5 /* Params.h */,
				278D343F18B3BE3800EAE4E5 /* Params.m */,
				27F7126318BC928700A4394C /* maracas0.wav */,
				27F7126418BC928700A4394C /* maracas1.wav */,
				27E78C8C18B8A7D500FD3984 /* selected.png */,
				2763DD0918D33F3300F60358 /* bird.png */,
				27D40C6F18D6B8B5009C5C9D /* stars2.png */,
				27500AC118AB87E600703749 /* Images.xcassets */,
				27500AB018AB87E600703749 /* Supporting Files */,
			);
			path = iCaxirola;
			sourceTree = "<group>";
		};
		27500AB018AB87E600703749 /* Supporting Files */ = {
			isa = PBXGroup;
			children = (
				276BD50818CB84380035A90F /* Icon-60@2x.png */,
				276BD50E18CB84CA0035A90F /* Icon-60.png */,
				276BD50918CB84380035A90F /* Icon-Small.png */,
				276BD50A18CB84380035A90F /* Icon-Small@2x.png */,
				27500AB118AB87E600703749 /* iCaxirola-Info.plist */,
				27500AB218AB87E600703749 /* InfoPlist.strings */,
				27500AB518AB87E600703749 /* main.m */,
				27500AB718AB87E600703749 /* iCaxirola-Prefix.pch */,
			);
			name = "Supporting Files";
			sourceTree = "<group>";
		};
		27500ACE18AB87E700703749 /* iCaxirolaTests */ = {
			isa = PBXGroup;
			children = (
				27500ACF18AB87E700703749 /* Supporting Files */,
				2759BA5D18DC0C5300E5D032 /* KIFiCaxirolaTests.h */,
				2759BA5E18DC0C5300E5D032 /* KIFiCaxirolaTests.m */,
			);
			path = iCaxirolaTests;
			sourceTree = "<group>";
		};
		27500ACF18AB87E700703749 /* Supporting Files */ = {
			isa = PBXGroup;
			children = (
				27500AD018AB87E700703749 /* iCaxirolaTests-Info.plist */,
				27500AD118AB87E700703749 /* InfoPlist.strings */,
			);
			name = "Supporting Files";
			sourceTree = "<group>";
		};
		27500B1518ABA5A200703749 /* AdMob */ = {
			isa = PBXGroup;
			children = (
				27500B0818ABA58300703749 /* GADAdMobExtras.h */,
				27500B0918ABA58300703749 /* GADAdNetworkExtras.h */,
				27500B0A18ABA58300703749 /* GADAdSize.h */,
				27500B0B18ABA58300703749 /* GADBannerView.h */,
				27500B0C18ABA58300703749 /* GADBannerViewDelegate.h */,
				27500B0D18ABA58300703749 /* GADInterstitial.h */,
				27500B0E18ABA58300703749 /* GADInterstitialDelegate.h */,
				27500B0F18ABA58300703749 /* GADRequest.h */,
				27500B1018ABA58300703749 /* GADRequestError.h */,
				27500B1118ABA58300703749 /* libGoogleAdMobAds.a */,
				27500B1218ABA58300703749 /* README.txt */,
			);
			name = AdMob;
			sourceTree = "<group>";
		};
		27500B3618B24E1000703749 /* Flagsimages */ = {
			isa = PBXGroup;
			children = (
				27F7127418BDA6B500A4394C /* Images */,
				27F7126818BC935800A4394C /* mainFlags */,
				27F7126718BC933E00A4394C /* flagsList */,
			);
			name = Flagsimages;
			sourceTree = "<group>";
		};
		27616F3A18E30AC2009CB95C /* GoogleAnalyticsServicesiOS_3.03c */ = {
			isa = PBXGroup;
			children = (
				27616F3B18E30AC2009CB95C /* GoogleAnalytics */,
				27616F6F18E30AC2009CB95C /* GoogleTagManager */,
				27616FB018E30AC3009CB95C /* libAdIdAccess.a */,
				27616FB118E30AC3009CB95C /* libGoogleAnalyticsServices.a */,
				27616FB218E30AC3009CB95C /* Readme.txt */,
			);
			name = GoogleAnalyticsServicesiOS_3.03c;
			path = ../Downloads/GoogleAnalyticsServicesiOS_3.03c;
			sourceTree = "<group>";
		};
		27616F3B18E30AC2009CB95C /* GoogleAnalytics */ = {
			isa = PBXGroup;
			children = (
				27616F3C18E30AC2009CB95C /* Changelog.txt */,
				27616F3D18E30AC2009CB95C /* Examples */,
				27616F6718E30AC2009CB95C /* Library */,
				27616F6E18E30AC2009CB95C /* Readme.txt */,
			);
			path = GoogleAnalytics;
			sourceTree = "<group>";
		};
		27616F3D18E30AC2009CB95C /* Examples */ = {
			isa = PBXGroup;
			children = (
				27616F3E18E30AC2009CB95C /* CuteAnimals */,
			);
			path = Examples;
			sourceTree = "<group>";
		};
		27616F3E18E30AC2009CB95C /* CuteAnimals */ = {
			isa = PBXGroup;
			children = (
				27616F3F18E30AC2009CB95C /* AppDelegate.h */,
				27616F4018E30AC2009CB95C /* AppDelegate.m */,
				27616F4118E30AC2009CB95C /* CategoryViewController.h */,
				27616F4218E30AC2009CB95C /* CategoryViewController.m */,
				27616F4318E30AC2009CB95C /* CategoryViewController_iPad.xib */,
				27616F4418E30AC2009CB95C /* CategoryViewController_iPhone.xib */,
				27616F4518E30AC2009CB95C /* CuteAnimals-Info.plist */,
				27616F4618E30AC2009CB95C /* CuteAnimals-Prefix.pch */,
				27616F4718E30AC2009CB95C /* CuteAnimals.xcodeproj */,
				27616F4A18E30AC2009CB95C /* Images */,
				27616F5D18E30AC2009CB95C /* ImageViewController.h */,
				27616F5E18E30AC2009CB95C /* ImageViewController.m */,
				27616F5F18E30AC2009CB95C /* main.m */,
				27616F6018E30AC2009CB95C /* NavController.h */,
				27616F6118E30AC2009CB95C /* NavController.m */,
				27616F6218E30AC2009CB95C /* Readme.txt */,
				27616F6318E30AC2009CB95C /* RootViewController.h */,
				27616F6418E30AC2009CB95C /* RootViewController.m */,
				27616F6518E30AC2009CB95C /* RootViewController.xib */,
				27616F6618E30AC2009CB95C /* Settings.bundle */,
			);
			path = CuteAnimals;
			sourceTree = "<group>";
		};
		27616F4818E30AC2009CB95C /* Products */ = {
			isa = PBXGroup;
			children = (
				27616FB518E30AC3009CB95C /* CuteAnimals.app */,
			);
			name = Products;
			sourceTree = "<group>";
		};
		27616F4A18E30AC2009CB95C /* Images */ = {
			isa = PBXGroup;
			children = (
				27616F4B18E30AC2009CB95C /* Bunny-1.jpg */,
				27616F4C18E30AC2009CB95C /* Bunny-2.jpg */,
				27616F4D18E30AC2009CB95C /* Bunny-3.jpg */,
				27616F4E18E30AC2009CB95C /* Cat-1.jpg */,
				27616F4F18E30AC2009CB95C /* Cat-2.jpg */,
				27616F5018E30AC2009CB95C /* Cat-3.jpg */,
				27616F5118E30AC2009CB95C /* Cat-4.jpg */,
				27616F5218E30AC2009CB95C /* Lion-1.jpg */,
				27616F5318E30AC2009CB95C /* Lion-2.jpg */,
				27616F5418E30AC2009CB95C /* Lion-3.jpg */,
				27616F5518E30AC2009CB95C /* Lion-4.jpg */,
				27616F5618E30AC2009CB95C /* Monkey-1.jpg */,
				27616F5718E30AC2009CB95C /* Monkey-2.jpg */,
				27616F5818E30AC2009CB95C /* Monkey-3.jpg */,
				27616F5918E30AC2009CB95C /* Monkey-4.jpg */,
				27616F5A18E30AC2009CB95C /* Monkey-5.jpg */,
				27616F5B18E30AC2009CB95C /* Tiger-1.jpg */,
				27616F5C18E30AC2009CB95C /* Tiger-2.jpg */,
			);
			path = Images;
			sourceTree = "<group>";
		};
		27616F6718E30AC2009CB95C /* Library */ = {
			isa = PBXGroup;
			children = (
				27616F6818E30AC2009CB95C /* GAI.h */,
				27616F6918E30AC2009CB95C /* GAIDictionaryBuilder.h */,
				27616F6A18E30AC2009CB95C /* GAIFields.h */,
				27616F6B18E30AC2009CB95C /* GAILogger.h */,
				27616F6C18E30AC2009CB95C /* GAITrackedViewController.h */,
				27616F6D18E30AC2009CB95C /* GAITracker.h */,
			);
			path = Library;
			sourceTree = "<group>";
		};
		27616F6F18E30AC2009CB95C /* GoogleTagManager */ = {
			isa = PBXGroup;
			children = (
				27616F7018E30AC2009CB95C /* Changelog.txt */,
				27616F7118E30AC2009CB95C /* Examples */,
				27616FA918E30AC3009CB95C /* Library */,
				27616FAF18E30AC3009CB95C /* Readme.txt */,
			);
			path = GoogleTagManager;
			sourceTree = "<group>";
		};
		27616F7118E30AC2009CB95C /* Examples */ = {
			isa = PBXGroup;
			children = (
				27616F7218E30AC2009CB95C /* CuteAnimals */,
			);
			path = Examples;
			sourceTree = "<group>";
		};
		27616F7218E30AC2009CB95C /* CuteAnimals */ = {
			isa = PBXGroup;
			children = (
				27616F7318E30AC2009CB95C /* AppDelegate.h */,
				27616F7418E30AC2009CB95C /* AppDelegate.m */,
				27616F7518E30AC2009CB95C /* CategoryViewController.h */,
				27616F7618E30AC2009CB95C /* CategoryViewController.m */,
				27616F7718E30AC2009CB95C /* CategoryViewController_iPad.xib */,
				27616F7818E30AC2009CB95C /* CategoryViewController_iPhone.xib */,
				27616F7918E30AC2009CB95C /* CustomMacroHandler.h */,
				27616F7A18E30AC2009CB95C /* CustomMacroHandler.m */,
				27616F7B18E30AC2009CB95C /* CustomTagHandler.h */,
				27616F7C18E30AC2009CB95C /* CustomTagHandler.m */,
				27616F7D18E30AC2009CB95C /* CuteAnimals-Info.plist */,
				27616F7E18E30AC2009CB95C /* CuteAnimals-Prefix.pch */,
				27616F7F18E30AC2009CB95C /* CuteAnimals.xcodeproj */,
				27616F8218E30AC2009CB95C /* GTM-XXXX */,
				27616F8318E30AC2009CB95C /* GTM-XXXX.plist */,
				27616F8418E30AC2009CB95C /* Images */,
				27616F9E18E30AC3009CB95C /* ImageViewController.h */,
				27616F9F18E30AC3009CB95C /* ImageViewController.m */,
				27616FA018E30AC3009CB95C /* main.m */,
				27616FA118E30AC3009CB95C /* NavController.h */,
				27616FA218E30AC3009CB95C /* NavController.m */,
				27616FA318E30AC3009CB95C /* README */,
				27616FA418E30AC3009CB95C /* RootViewController.h */,
				27616FA518E30AC3009CB95C /* RootViewController.m */,
				27616FA618E30AC3009CB95C /* RootViewController.xib */,
				27616FA718E30AC3009CB95C /* Utils.h */,
				27616FA818E30AC3009CB95C /* Utils.m */,
			);
			path = CuteAnimals;
			sourceTree = "<group>";
		};
		27616F8018E30AC2009CB95C /* Products */ = {
			isa = PBXGroup;
			children = (
				27616FB818E30AC3009CB95C /* CuteAnimals.app */,
			);
			name = Products;
			sourceTree = "<group>";
		};
		27616F8418E30AC2009CB95C /* Images */ = {
			isa = PBXGroup;
			children = (
				27616F8518E30AC3009CB95C /* Bunny-1.jpg */,
				27616F8618E30AC3009CB95C /* Bunny-2.jpg */,
				27616F8718E30AC3009CB95C /* Bunny-3.jpg */,
				27616F8818E30AC3009CB95C /* Cat-1.jpg */,
				27616F8918E30AC3009CB95C /* Cat-2.jpg */,
				27616F8A18E30AC3009CB95C /* Cat-3.jpg */,
				27616F8B18E30AC3009CB95C /* Cat-4.jpg */,
				27616F8C18E30AC3009CB95C /* Container.png */,
				27616F8D18E30AC3009CB95C /* CustomTag.png */,
				27616F8E18E30AC3009CB95C /* Lion-1.jpg */,
				27616F8F18E30AC3009CB95C /* Lion-2.jpg */,
				27616F9018E30AC3009CB95C /* Lion-3.jpg */,
				27616F9118E30AC3009CB95C /* Lion-4.jpg */,
				27616F9218E30AC3009CB95C /* Monkey-1.jpg */,
				27616F9318E30AC3009CB95C /* Monkey-2.jpg */,
				27616F9418E30AC3009CB95C /* Monkey-3.jpg */,
				27616F9518E30AC3009CB95C /* Monkey-4.jpg */,
				27616F9618E30AC3009CB95C /* Monkey-5.jpg */,
				27616F9718E30AC3009CB95C /* NumRefreshesMod5.png */,
				27616F9818E30AC3009CB95C /* RefreshEvent.png */,
				27616F9918E30AC3009CB95C /* RefreshEventTag.png */,
				27616F9A18E30AC3009CB95C /* ScreenClosedTag.png */,
				27616F9B18E30AC3009CB95C /* ScreenOpenTag.png */,
				27616F9C18E30AC3009CB95C /* Tiger-1.jpg */,
				27616F9D18E30AC3009CB95C /* Tiger-2.jpg */,
			);
			path = Images;
			sourceTree = "<group>";
		};
		27616FA918E30AC3009CB95C /* Library */ = {
			isa = PBXGroup;
			children = (
				27616FAA18E30AC3009CB95C /* TAGContainer.h */,
				27616FAB18E30AC3009CB95C /* TAGContainerOpener.h */,
				27616FAC18E30AC3009CB95C /* TAGDataLayer.h */,
				27616FAD18E30AC3009CB95C /* TAGLogger.h */,
				27616FAE18E30AC3009CB95C /* TAGManager.h */,
			);
			path = Library;
			sourceTree = "<group>";
		};
		27F7126718BC933E00A4394C /* flagsList */ = {
			isa = PBXGroup;
			children = (
				27500B3718B2538E00703749 /* 1_bra.png */,
				27500B3818B2538E00703749 /* 1_bra2.png */,
				27500B3918B2538E00703749 /* 1_cmr.png */,
				27500B3A18B2538E00703749 /* 1_cro.png */,
				27500B3B18B2538E00703749 /* 1_mex.png */,
				27500B3C18B2538E00703749 /* 2_aus.png */,
				27500B3D18B2538E00703749 /* 2_chi.png */,
				27500B3E18B2538E00703749 /* 2_esp.png */,
				27500B3F18B2538E00703749 /* 2_ned.png */,
				27500B4018B2538E00703749 /* 3_civ.png */,
				27500B4118B2538E00703749 /* 3_col.png */,
				27500B4218B2538E00703749 /* 3_gre.png */,
				27500B4318B2538E00703749 /* 3_jpn.png */,
				27500B4418B2538E00703749 /* 3_jpn2.png */,
				27500B4518B2538E00703749 /* 4_crc.png */,
				27500B4618B2538E00703749 /* 4_eng.png */,
				27500B4718B2538E00703749 /* 4_ita.png */,
				27500B4818B2538E00703749 /* 4_ita2.png */,
				27500B4918B2538E00703749 /* 4_uru.png */,
				27500B4A18B2538E00703749 /* 5_ecu.png */,
				27500B4B18B2538E00703749 /* 5_fra.png */,
				27500B4C18B2538E00703749 /* 5_fra2.png */,
				27500B4D18B2538E00703749 /* 5_hon.png */,
				27500B4E18B2538E00703749 /* 5_hon2.png */,
				27500B4F18B2538E00703749 /* 5_sui.png */,
				27500B5018B2538E00703749 /* 6_arg.png */,
				27500B5118B2538E00703749 /* 6_bih.png */,
				27500B5218B2538E00703749 /* 6_irn.png */,
				27500B5318B2538E00703749 /* 6_nga.png */,
				27500B5418B2538E00703749 /* 7_ger.png */,
				27500B5518B2538E00703749 /* 7_ger2.png */,
				27500B5618B2538E00703749 /* 7_gha.png */,
				27500B5718B2538E00703749 /* 7_gha2.png */,
				27500B5818B2538E00703749 /* 7_por.png */,
				27500B5918B2538E00703749 /* 7_usa.png */,
				27500B5A18B2538E00703749 /* 7_usa2.png */,
				27500B5B18B2538E00703749 /* 8_alg.png */,
				27500B5C18B2538E00703749 /* 8_bel.png */,
				27500B5D18B2538E00703749 /* 8_kor.png */,
				27500B5E18B2538E00703749 /* 8_rus.png */,
			);
			name = flagsList;
			sourceTree = "<group>";
		};
		27F7126818BC935800A4394C /* mainFlags */ = {
			isa = PBXGroup;
			children = (
				27F7129718BEF7B500A4394C /* 1_cameroon.png */,
				27F7126918BC936700A4394C /* 1_brazil.png */,
			);
			name = mainFlags;
			sourceTree = "<group>";
		};
		27F7126D18BDA5F200A4394C /* AwesomeMenu */ = {
			isa = PBXGroup;
			children = (
				27F7126E18BDA5F200A4394C /* AwesomeMenu.h */,
				27F7126F18BDA5F200A4394C /* AwesomeMenu.m */,
				27F7127018BDA5F200A4394C /* AwesomeMenuItem.h */,
				27F7127118BDA5F200A4394C /* AwesomeMenuItem.m */,
			);
			name = AwesomeMenu;
			path = iCaxirola/AwesomeMenu;
			sourceTree = "<group>";
		};
		27F7127418BDA6B500A4394C /* Images */ = {
			isa = PBXGroup;
			children = (
				27F7127518BDA6B500A4394C /* bg-addbutton-highlighted.png */,
				27F7127618BDA6B500A4394C /* bg-addbutton-highlighted@2x.png */,
				27F7127718BDA6B500A4394C /* bg-addbutton.png */,
				27F7127818BDA6B500A4394C /* bg-addbutton@2x.png */,
				27F7127918BDA6B500A4394C /* bg-menuitem-highlighted.png */,
				27F7127A18BDA6B500A4394C /* bg-menuitem-highlighted@2x.png */,
				27F7127B18BDA6B500A4394C /* bg-menuitem.png */,
				27F7127C18BDA6B500A4394C /* bg-menuitem@2x.png */,
				27F7127D18BDA6B500A4394C /* icon-plus-highlighted.png */,
				27F7127E18BDA6B500A4394C /* icon-plus-highlighted@2x.png */,
				27F7127F18BDA6B500A4394C /* icon-plus.png */,
				27F7128018BDA6B500A4394C /* icon-plus@2x.png */,
				27F7128118BDA6B500A4394C /* icon-star.png */,
				27F7128218BDA6B500A4394C /* icon-star@2x.png */,
			);
			path = Images;
			sourceTree = "<group>";
		};
/* End PBXGroup section */

/* Begin PBXNativeTarget section */
		27500AA518AB87E600703749 /* iCaxirola */ = {
			isa = PBXNativeTarget;
			buildConfigurationList = 27500AD818AB87E700703749 /* Build configuration list for PBXNativeTarget "iCaxirola" */;
			buildPhases = (
				27500AA218AB87E600703749 /* Sources */,
				27500AA318AB87E600703749 /* Frameworks */,
				27500AA418AB87E600703749 /* Resources */,
			);
			buildRules = (
			);
			dependencies = (
			);
			name = iCaxirola;
			productName = iCaxirola;
			productReference = 27500AA618AB87E600703749 /* iCaxirola.app */;
			productType = "com.apple.product-type.application";
		};
		27500AC618AB87E700703749 /* iCaxirolaTests */ = {
			isa = PBXNativeTarget;
			buildConfigurationList = 27500ADB18AB87E700703749 /* Build configuration list for PBXNativeTarget "iCaxirolaTests" */;
			buildPhases = (
				AEE77C80B2084C41BD0086C9 /* Check Pods Manifest.lock */,
				27500AC318AB87E700703749 /* Sources */,
				27500AC418AB87E700703749 /* Frameworks */,
				27500AC518AB87E700703749 /* Resources */,
				9D19F14566AD48719CE6607B /* Copy Pods Resources */,
			);
			buildRules = (
			);
			dependencies = (
				27500ACD18AB87E700703749 /* PBXTargetDependency */,
			);
			name = iCaxirolaTests;
			productName = iCaxirolaTests;
			productReference = 27500AC718AB87E700703749 /* iCaxirolaTests.octest */;
			productType = "com.apple.product-type.bundle.unit-test";
		};
/* End PBXNativeTarget section */

/* Begin PBXProject section */
		27500A9E18AB87E600703749 /* Project object */ = {
			isa = PBXProject;
			attributes = {
				LastUpgradeCheck = 0510;
				ORGANIZATIONNAME = FumiharuSugawara;
				TargetAttributes = {
					27500AA518AB87E600703749 = {
						DevelopmentTeam = V2P4ADA4S6;
					};
					27500AC618AB87E700703749 = {
						TestTargetID = 27500AA518AB87E600703749;
					};
				};
			};
			buildConfigurationList = 27500AA118AB87E600703749 /* Build configuration list for PBXProject "iCaxirola" */;
			compatibilityVersion = "Xcode 3.2";
			developmentRegion = English;
			hasScannedForEncodings = 0;
			knownRegions = (
				en,
				Base,
			);
			mainGroup = 27500A9D18AB87E600703749;
			productRefGroup = 27500AA718AB87E600703749 /* Products */;
			projectDirPath = "";
			projectReferences = (
				{
					ProductGroup = 27616F4818E30AC2009CB95C /* Products */;
					ProjectRef = 27616F4718E30AC2009CB95C /* CuteAnimals.xcodeproj */;
				},
				{
					ProductGroup = 27616F8018E30AC2009CB95C /* Products */;
					ProjectRef = 27616F7F18E30AC2009CB95C /* CuteAnimals.xcodeproj */;
				},
			);
			projectRoot = "";
			targets = (
				27500AA518AB87E600703749 /* iCaxirola */,
				27500AC618AB87E700703749 /* iCaxirolaTests */,
			);
		};
/* End PBXProject section */

/* Begin PBXReferenceProxy section */
		27616FB518E30AC3009CB95C /* CuteAnimals.app */ = {
			isa = PBXReferenceProxy;
			fileType = wrapper.application;
			path = CuteAnimals.app;
			remoteRef = 27616FB418E30AC3009CB95C /* PBXContainerItemProxy */;
			sourceTree = BUILT_PRODUCTS_DIR;
		};
		27616FB818E30AC3009CB95C /* CuteAnimals.app */ = {
			isa = PBXReferenceProxy;
			fileType = wrapper.application;
			path = CuteAnimals.app;
			remoteRef = 27616FB718E30AC3009CB95C /* PBXContainerItemProxy */;
			sourceTree = BUILT_PRODUCTS_DIR;
		};
/* End PBXReferenceProxy section */

/* Begin PBXResourcesBuildPhase section */
		27500AA418AB87E600703749 /* Resources */ = {
			isa = PBXResourcesBuildPhase;
			buildActionMask = 2147483647;
			files = (
				27500B6218B2538E00703749 /* 1_cro.png in Resources */,
				27F7128C18BDA6B500A4394C /* icon-plus-highlighted@2x.png in Resources */,
				27500B8018B2538E00703749 /* 7_por.png in Resources */,
				27500AC218AB87E600703749 /* Images.xcassets in Resources */,
				27F7126A18BC936700A4394C /* 1_brazil.png in Resources */,
				27F7129818BEF7B500A4394C /* 1_cameroon.png in Resources */,
				27500B6118B2538E00703749 /* 1_cmr.png in Resources */,
				27500B6A18B2538E00703749 /* 3_gre.png in Resources */,
				27F7128818BDA6B500A4394C /* bg-menuitem-highlighted@2x.png in Resources */,
				27F7128E18BDA6B500A4394C /* icon-plus@2x.png in Resources */,
				27500B6518B2538E00703749 /* 2_chi.png in Resources */,
				27F7128718BDA6B500A4394C /* bg-menuitem-highlighted.png in Resources */,
				27500B7518B2538E00703749 /* 5_hon.png in Resources */,
				27E78C8D18B8A7D500FD3984 /* selected.png in Resources */,
				27500AB418AB87E600703749 /* InfoPlist.strings in Resources */,
				27F7128B18BDA6B500A4394C /* icon-plus-highlighted.png in Resources */,
				27500B6418B2538E00703749 /* 2_aus.png in Resources */,
				27500B6818B2538E00703749 /* 3_civ.png in Resources */,
				27F7128918BDA6B500A4394C /* bg-menuitem.png in Resources */,
				27F7128318BDA6B500A4394C /* bg-addbutton-highlighted.png in Resources */,
				27500B6018B2538E00703749 /* 1_bra2.png in Resources */,
				27500B6D18B2538E00703749 /* 4_crc.png in Resources */,
				27500B7818B2538E00703749 /* 6_arg.png in Resources */,
				27500B7718B2538E00703749 /* 5_sui.png in Resources */,
				27F7128518BDA6B500A4394C /* bg-addbutton.png in Resources */,
				27500B6C18B2538E00703749 /* 3_jpn2.png in Resources */,
				27500B7C18B2538E00703749 /* 7_ger.png in Resources */,
				27500B8118B2538E00703749 /* 7_usa.png in Resources */,
				27500B7218B2538E00703749 /* 5_ecu.png in Resources */,
				27500B7418B2538E00703749 /* 5_fra2.png in Resources */,
				27500B7618B2538E00703749 /* 5_hon2.png in Resources */,
				27500B8418B2538E00703749 /* 8_bel.png in Resources */,
				27500B8518B2538E00703749 /* 8_kor.png in Resources */,
				27F7128F18BDA6B500A4394C /* icon-star.png in Resources */,
				27500B6318B2538E00703749 /* 1_mex.png in Resources */,
				27F7126618BC928700A4394C /* maracas1.wav in Resources */,
				27500B7018B2538E00703749 /* 4_ita2.png in Resources */,
				27500B7918B2538E00703749 /* 6_bih.png in Resources */,
				27F7128D18BDA6B500A4394C /* icon-plus.png in Resources */,
				27500AE318AB897600703749 /* ViewController.xib in Resources */,
				27500B6B18B2538E00703749 /* 3_jpn.png in Resources */,
				276BD50B18CB84380035A90F /* Icon-60@2x.png in Resources */,
				27500B6E18B2538E00703749 /* 4_eng.png in Resources */,
				27500B6F18B2538E00703749 /* 4_ita.png in Resources */,
				27F7128418BDA6B500A4394C /* bg-addbutton-highlighted@2x.png in Resources */,
				2763DD0A18D33F3300F60358 /* bird.png in Resources */,
				27500B8218B2538E00703749 /* 7_usa2.png in Resources */,
				27500B6718B2538E00703749 /* 2_ned.png in Resources */,
				27F7129018BDA6B500A4394C /* icon-star@2x.png in Resources */,
				27F7126518BC928700A4394C /* maracas0.wav in Resources */,
				27500B7B18B2538E00703749 /* 6_nga.png in Resources */,
				276BD50F18CB84CA0035A90F /* Icon-60.png in Resources */,
				27F7129618BE30F200A4394C /* WebView.xib in Resources */,
				27500B7118B2538E00703749 /* 4_uru.png in Resources */,
				27D40C7018D6B8B5009C5C9D /* stars2.png in Resources */,
				27500B6618B2538E00703749 /* 2_esp.png in Resources */,
				27500B8318B2538E00703749 /* 8_alg.png in Resources */,
				27500B7D18B2538E00703749 /* 7_ger2.png in Resources */,
				27500B6918B2538E00703749 /* 3_col.png in Resources */,
				276BD50C18CB84380035A90F /* Icon-Small.png in Resources */,
				27F7128A18BDA6B500A4394C /* bg-menuitem@2x.png in Resources */,
				27500B7A18B2538E00703749 /* 6_irn.png in Resources */,
				27500B5F18B2538E00703749 /* 1_bra.png in Resources */,
				276BD50D18CB84380035A90F /* Icon-Small@2x.png in Resources */,
				27500B8618B2538E00703749 /* 8_rus.png in Resources */,
				27500B7318B2538E00703749 /* 5_fra.png in Resources */,
				27500B1418ABA58300703749 /* README.txt in Resources */,
				27500B7E18B2538E00703749 /* 7_gha.png in Resources */,
				27500B7F18B2538E00703749 /* 7_gha2.png in Resources */,
				27F7128618BDA6B500A4394C /* bg-addbutton@2x.png in Resources */,
			);
			runOnlyForDeploymentPostprocessing = 0;
		};
		27500AC518AB87E700703749 /* Resources */ = {
			isa = PBXResourcesBuildPhase;
			buildActionMask = 2147483647;
			files = (
				27500AD318AB87E700703749 /* InfoPlist.strings in Resources */,
			);
			runOnlyForDeploymentPostprocessing = 0;
		};
/* End PBXResourcesBuildPhase section */

/* Begin PBXShellScriptBuildPhase section */
		9D19F14566AD48719CE6607B /* Copy Pods Resources */ = {
			isa = PBXShellScriptBuildPhase;
			buildActionMask = 2147483647;
			files = (
			);
			inputPaths = (
			);
			name = "Copy Pods Resources";
			outputPaths = (
			);
			runOnlyForDeploymentPostprocessing = 0;
			shellPath = /bin/sh;
			shellScript = "\"${SRCROOT}/Pods/Pods-iCaxirolaTests-resources.sh\"\n";
			showEnvVarsInLog = 0;
		};
		AEE77C80B2084C41BD0086C9 /* Check Pods Manifest.lock */ = {
			isa = PBXShellScriptBuildPhase;
			buildActionMask = 2147483647;
			files = (
			);
			inputPaths = (
			);
			name = "Check Pods Manifest.lock";
			outputPaths = (
			);
			runOnlyForDeploymentPostprocessing = 0;
			shellPath = /bin/sh;
			shellScript = "diff \"${PODS_ROOT}/../Podfile.lock\" \"${PODS_ROOT}/Manifest.lock\" > /dev/null\nif [[ $? != 0 ]] ; then\n    cat << EOM\nerror: The sandbox is not in sync with the Podfile.lock. Run 'pod install' or update your CocoaPods installation.\nEOM\n    exit 1\nfi\n";
			showEnvVarsInLog = 0;
		};
/* End PBXShellScriptBuildPhase section */

/* Begin PBXSourcesBuildPhase section */
		27500AA218AB87E600703749 /* Sources */ = {
			isa = PBXSourcesBuildPhase;
			buildActionMask = 2147483647;
			files = (
				27500AC018AB87E600703749 /* ViewController.m in Sources */,
				27F7127318BDA5F200A4394C /* AwesomeMenuItem.m in Sources */,
				27500ABA18AB87E600703749 /* AppDelegate.m in Sources */,
				27500AB618AB87E600703749 /* main.m in Sources */,
				271DE35818B64BF200226209 /* UIView+iCaxirola.m in Sources */,
				27F7127218BDA5F200A4394C /* AwesomeMenu.m in Sources */,
				278D344018B3BE3800EAE4E5 /* Params.m in Sources */,
			);
			runOnlyForDeploymentPostprocessing = 0;
		};
		27500AC318AB87E700703749 /* Sources */ = {
			isa = PBXSourcesBuildPhase;
			buildActionMask = 2147483647;
			files = (
				2759BA5F18DC0C5300E5D032 /* KIFiCaxirolaTests.m in Sources */,
			);
			runOnlyForDeploymentPostprocessing = 0;
		};
/* End PBXSourcesBuildPhase section */

/* Begin PBXTargetDependency section */
		27500ACD18AB87E700703749 /* PBXTargetDependency */ = {
			isa = PBXTargetDependency;
			target = 27500AA518AB87E600703749 /* iCaxirola */;
			targetProxy = 27500ACC18AB87E700703749 /* PBXContainerItemProxy */;
		};
/* End PBXTargetDependency section */

/* Begin PBXVariantGroup section */
		27500AB218AB87E600703749 /* InfoPlist.strings */ = {
			isa = PBXVariantGroup;
			children = (
				27500AB318AB87E600703749 /* en */,
			);
			name = InfoPlist.strings;
			sourceTree = "<group>";
		};
		27500AD118AB87E700703749 /* InfoPlist.strings */ = {
			isa = PBXVariantGroup;
			children = (
				27500AD218AB87E700703749 /* en */,
			);
			name = InfoPlist.strings;
			sourceTree = "<group>";
		};
/* End PBXVariantGroup section */

/* Begin XCBuildConfiguration section */
		27500AD618AB87E700703749 /* Debug */ = {
			isa = XCBuildConfiguration;
			buildSettings = {
				ALWAYS_SEARCH_USER_PATHS = NO;
				CLANG_CXX_LANGUAGE_STANDARD = "gnu++0x";
				CLANG_CXX_LIBRARY = "libc++";
				CLANG_ENABLE_MODULES = YES;
				CLANG_ENABLE_OBJC_ARC = YES;
				CLANG_WARN_BOOL_CONVERSION = YES;
				CLANG_WARN_CONSTANT_CONVERSION = YES;
				CLANG_WARN_DIRECT_OBJC_ISA_USAGE = YES_ERROR;
				CLANG_WARN_EMPTY_BODY = YES;
				CLANG_WARN_ENUM_CONVERSION = YES;
				CLANG_WARN_INT_CONVERSION = YES;
				CLANG_WARN_OBJC_ROOT_CLASS = YES_ERROR;
				CLANG_WARN__DUPLICATE_METHOD_MATCH = YES;
				"CODE_SIGN_IDENTITY[sdk=iphoneos*]" = "iPhone Developer";
				COPY_PHASE_STRIP = NO;
				GCC_C_LANGUAGE_STANDARD = gnu99;
				GCC_DYNAMIC_NO_PIC = NO;
				GCC_OPTIMIZATION_LEVEL = 0;
				GCC_PREPROCESSOR_DEFINITIONS = (
					"DEBUG=1",
					"$(inherited)",
				);
				GCC_SYMBOLS_PRIVATE_EXTERN = NO;
				GCC_WARN_64_TO_32_BIT_CONVERSION = YES;
				GCC_WARN_ABOUT_RETURN_TYPE = YES_ERROR;
				GCC_WARN_UNDECLARED_SELECTOR = YES;
				GCC_WARN_UNINITIALIZED_AUTOS = YES;
				GCC_WARN_UNUSED_FUNCTION = YES;
				GCC_WARN_UNUSED_VARIABLE = YES;
				IPHONEOS_DEPLOYMENT_TARGET = 7.0;
				ONLY_ACTIVE_ARCH = YES;
				PROVISIONING_PROFILE = "5805F5E8-06E6-40AF-816D-3DC693082C19";
				SDKROOT = iphoneos;
			};
			name = Debug;
		};
		27500AD718AB87E700703749 /* Release */ = {
			isa = XCBuildConfiguration;
			buildSettings = {
				ALWAYS_SEARCH_USER_PATHS = NO;
				CLANG_CXX_LANGUAGE_STANDARD = "gnu++0x";
				CLANG_CXX_LIBRARY = "libc++";
				CLANG_ENABLE_MODULES = YES;
				CLANG_ENABLE_OBJC_ARC = YES;
				CLANG_WARN_BOOL_CONVERSION = YES;
				CLANG_WARN_CONSTANT_CONVERSION = YES;
				CLANG_WARN_DIRECT_OBJC_ISA_USAGE = YES_ERROR;
				CLANG_WARN_EMPTY_BODY = YES;
				CLANG_WARN_ENUM_CONVERSION = YES;
				CLANG_WARN_INT_CONVERSION = YES;
				CLANG_WARN_OBJC_ROOT_CLASS = YES_ERROR;
				CLANG_WARN__DUPLICATE_METHOD_MATCH = YES;
				CODE_SIGN_IDENTITY = "iPhone Distribution: fumiharu sugawara (V2P4ADA4S6)";
				"CODE_SIGN_IDENTITY[sdk=iphoneos*]" = "iPhone Distribution: fumiharu sugawara (V2P4ADA4S6)";
				COPY_PHASE_STRIP = YES;
				ENABLE_NS_ASSERTIONS = NO;
				GCC_C_LANGUAGE_STANDARD = gnu99;
				GCC_WARN_64_TO_32_BIT_CONVERSION = YES;
				GCC_WARN_ABOUT_RETURN_TYPE = YES_ERROR;
				GCC_WARN_UNDECLARED_SELECTOR = YES;
				GCC_WARN_UNINITIALIZED_AUTOS = YES;
				GCC_WARN_UNUSED_FUNCTION = YES;
				GCC_WARN_UNUSED_VARIABLE = YES;
				IPHONEOS_DEPLOYMENT_TARGET = 7.0;
				PROVISIONING_PROFILE = "5805F5E8-06E6-40AF-816D-3DC693082C19";
				SDKROOT = iphoneos;
				VALIDATE_PRODUCT = YES;
			};
			name = Release;
		};
		27500AD918AB87E700703749 /* Debug */ = {
			isa = XCBuildConfiguration;
			buildSettings = {
				ASSETCATALOG_COMPILER_LAUNCHIMAGE_NAME = LaunchImage;
				CODE_SIGN_IDENTITY = "iPhone Developer";
				GCC_PRECOMPILE_PREFIX_HEADER = YES;
				GCC_PREFIX_HEADER = "iCaxirola/iCaxirola-Prefix.pch";
				INFOPLIST_FILE = "iCaxirola/iCaxirola-Info.plist";
				IPHONEOS_DEPLOYMENT_TARGET = 7.0;
				LIBRARY_SEARCH_PATHS = (
					"$(inherited)",
					/Users/fumiharu/Downloads/iCaxirola_m/iCaxirola,
					/Users/fumiharu/Downloads/GoogleAnalyticsServicesiOS_3.03c,
				);
				OTHER_LDFLAGS = "-ObjC";
				PRODUCT_NAME = "$(TARGET_NAME)";
				PROVISIONING_PROFILE = "5805F5E8-06E6-40AF-816D-3DC693082C19";
				WRAPPER_EXTENSION = app;
			};
			name = Debug;
		};
		27500ADA18AB87E700703749 /* Release */ = {
			isa = XCBuildConfiguration;
			buildSettings = {
				ASSETCATALOG_COMPILER_LAUNCHIMAGE_NAME = LaunchImage;
				CODE_SIGN_IDENTITY = "iPhone Distribution: fumiharu sugawara (V2P4ADA4S6)";
				GCC_PRECOMPILE_PREFIX_HEADER = YES;
				GCC_PREFIX_HEADER = "iCaxirola/iCaxirola-Prefix.pch";
				INFOPLIST_FILE = "iCaxirola/iCaxirola-Info.plist";
				IPHONEOS_DEPLOYMENT_TARGET = 7.0;
				LIBRARY_SEARCH_PATHS = (
					"$(inherited)",
					/Users/fumiharu/Downloads/iCaxirola_m/iCaxirola,
					/Users/fumiharu/Downloads/GoogleAnalyticsServicesiOS_3.03c,
				);
				OTHER_LDFLAGS = "-ObjC";
				PRODUCT_NAME = "$(TARGET_NAME)";
				PROVISIONING_PROFILE = "5805F5E8-06E6-40AF-816D-3DC693082C19";
				WRAPPER_EXTENSION = app;
			};
			name = Release;
		};
		27500ADC18AB87E700703749 /* Debug */ = {
			isa = XCBuildConfiguration;
			baseConfigurationReference = F90F551067084196B1930DE2 /* Pods-iCaxirolaTests.xcconfig */;
			buildSettings = {
				BUNDLE_LOADER = "$(BUILT_PRODUCTS_DIR)/iCaxirola.app/iCaxirola";
				FRAMEWORK_SEARCH_PATHS = (
					"$(SDKROOT)/Developer/Library/Frameworks",
					"$(inherited)",
					"$(DEVELOPER_FRAMEWORKS_DIR)",
				);
				GCC_PRECOMPILE_PREFIX_HEADER = YES;
				GCC_PREFIX_HEADER = "iCaxirola/iCaxirola-Prefix.pch";
				GCC_PREPROCESSOR_DEFINITIONS = (
					"DEBUG=1",
					"$(inherited)",
				);
				INFOPLIST_FILE = "iCaxirolaTests/iCaxirolaTests-Info.plist";
				OTHER_LDFLAGS = (
					"$(inherited)",
					"-framework",
					XCTest,
					"-ObjC",
				);
				PRODUCT_NAME = "$(TARGET_NAME)";
				TEST_HOST = "$(BUNDLE_LOADER)";
				WRAPPER_EXTENSION = octest;
			};
			name = Debug;
		};
		27500ADD18AB87E700703749 /* Release */ = {
			isa = XCBuildConfiguration;
			baseConfigurationReference = F90F551067084196B1930DE2 /* Pods-iCaxirolaTests.xcconfig */;
			buildSettings = {
				BUNDLE_LOADER = "$(BUILT_PRODUCTS_DIR)/iCaxirola.app/iCaxirola";
				FRAMEWORK_SEARCH_PATHS = (
					"$(SDKROOT)/Developer/Library/Frameworks",
					"$(inherited)",
					"$(DEVELOPER_FRAMEWORKS_DIR)",
				);
				GCC_PRECOMPILE_PREFIX_HEADER = YES;
				GCC_PREFIX_HEADER = "iCaxirola/iCaxirola-Prefix.pch";
				INFOPLIST_FILE = "iCaxirolaTests/iCaxirolaTests-Info.plist";
				OTHER_LDFLAGS = (
					"$(inherited)",
					"-framework",
					XCTest,
					"-ObjC",
				);
				PRODUCT_NAME = "$(TARGET_NAME)";
				TEST_HOST = "$(BUNDLE_LOADER)";
				WRAPPER_EXTENSION = octest;
			};
			name = Release;
		};
/* End XCBuildConfiguration section */

/* Begin XCConfigurationList section */
		27500AA118AB87E600703749 /* Build configuration list for PBXProject "iCaxirola" */ = {
			isa = XCConfigurationList;
			buildConfigurations = (
				27500AD618AB87E700703749 /* Debug */,
				27500AD718AB87E700703749 /* Release */,
			);
			defaultConfigurationIsVisible = 0;
			defaultConfigurationName = Release;
		};
		27500AD818AB87E700703749 /* Build configuration list for PBXNativeTarget "iCaxirola" */ = {
			isa = XCConfigurationList;
			buildConfigurations = (
				27500AD918AB87E700703749 /* Debug */,
				27500ADA18AB87E700703749 /* Release */,
			);
			defaultConfigurationIsVisible = 0;
			defaultConfigurationName = Release;
		};
		27500ADB18AB87E700703749 /* Build configuration list for PBXNativeTarget "iCaxirolaTests" */ = {
			isa = XCConfigurationList;
			buildConfigurations = (
				27500ADC18AB87E700703749 /* Debug */,
				27500ADD18AB87E700703749 /* Release */,
			);
			defaultConfigurationIsVisible = 0;
			defaultConfigurationName = Release;
		};
/* End XCConfigurationList section */
	};
	rootObject = 27500A9E18AB87E600703749 /* Project object */;
}
